// !$*UTF8*$!
{
	archiveVersion = 1;
	classes = {
	};
	objectVersion = 48;
	objects = {

/* Begin PBXBuildFile section */
		1ECCEF903F1B44F5087B76F9 /* libPods-platform.a in Frameworks */ = {isa = PBXBuildFile; fileRef = 962AC8589D09D31610A226BA /* libPods-platform.a */; };
		6C8697F01F0F7C66004ABF92 /* RFLayout.m in Sources */ = {isa = PBXBuildFile; fileRef = 6C8697EF1F0F7C66004ABF92 /* RFLayout.m */; };
		9A1F5B9D1F01D2E900525E5C /* PurchaseViewController.m in Sources */ = {isa = PBXBuildFile; fileRef = 9A1F5B9C1F01D2E900525E5C /* PurchaseViewController.m */; };
		9A1F5BA01F01D31900525E5C /* CompanyInfoViewController.m in Sources */ = {isa = PBXBuildFile; fileRef = 9A1F5B9F1F01D31900525E5C /* CompanyInfoViewController.m */; };
		9A1F5BA31F01D32400525E5C /* MyCenterViewController.m in Sources */ = {isa = PBXBuildFile; fileRef = 9A1F5BA21F01D32400525E5C /* MyCenterViewController.m */; };
		9A31C8D61F2F605300DA8604 /* Detail.storyboard in Resources */ = {isa = PBXBuildFile; fileRef = 9A31C8D51F2F605300DA8604 /* Detail.storyboard */; };
		9A31C8DC1F2FEE4B00DA8604 /* DetailViewController.m in Sources */ = {isa = PBXBuildFile; fileRef = 9A31C8DB1F2FEE4B00DA8604 /* DetailViewController.m */; };
		9A31C8E01F2FEEF000DA8604 /* LoginViewController.m in Sources */ = {isa = PBXBuildFile; fileRef = 9A31C8DF1F2FEEF000DA8604 /* LoginViewController.m */; };
		9A3969F31F3717F1004B597B /* Login.storyboard in Resources */ = {isa = PBXBuildFile; fileRef = 9A3969F21F3717F1004B597B /* Login.storyboard */; };
		9A7D79821F36D80200D74EB6 /* WRNavigationBar.m in Sources */ = {isa = PBXBuildFile; fileRef = 9A7D79801F36D7FB00D74EB6 /* WRNavigationBar.m */; };
		9AA70D101F37493100FCC1F5 /* RegistViewController.m in Sources */ = {isa = PBXBuildFile; fileRef = 9AA70D0F1F37493100FCC1F5 /* RegistViewController.m */; };
		9AA70D131F375DF400FCC1F5 /* DBManager.m in Sources */ = {isa = PBXBuildFile; fileRef = 9AA70D121F375DF400FCC1F5 /* DBManager.m */; };
		9AACF4461F17B8B900054505 /* HomeViewController.m in Sources */ = {isa = PBXBuildFile; fileRef = 9AACF4451F17B8B900054505 /* HomeViewController.m */; };
		9AACF44A1F17C0D500054505 /* HomeCollectionCell.m in Sources */ = {isa = PBXBuildFile; fileRef = 9AACF4481F17C0D500054505 /* HomeCollectionCell.m */; };
		9AACF44B1F17C0D500054505 /* HomeCollectionCell.xib in Resources */ = {isa = PBXBuildFile; fileRef = 9AACF4491F17C0D500054505 /* HomeCollectionCell.xib */; };
		9AACF44F1F17C1B500054505 /* HomeHeaderCell.m in Sources */ = {isa = PBXBuildFile; fileRef = 9AACF44D1F17C1B500054505 /* HomeHeaderCell.m */; };
		9AACF4501F17C1B500054505 /* HomeHeaderCell.xib in Resources */ = {isa = PBXBuildFile; fileRef = 9AACF44E1F17C1B500054505 /* HomeHeaderCell.xib */; };
		9AACF4591F1A1ECE00054505 /* HomeImageTableViewCell.m in Sources */ = {isa = PBXBuildFile; fileRef = 9AACF4571F1A1ECE00054505 /* HomeImageTableViewCell.m */; };
		9AACF45A1F1A1ECE00054505 /* HomeImageTableViewCell.xib in Resources */ = {isa = PBXBuildFile; fileRef = 9AACF4581F1A1ECE00054505 /* HomeImageTableViewCell.xib */; };
		9AACF45F1F1A209000054505 /* HomeTopBottomTableViewCell.m in Sources */ = {isa = PBXBuildFile; fileRef = 9AACF45D1F1A209000054505 /* HomeTopBottomTableViewCell.m */; };
		9AACF4601F1A209000054505 /* HomeTopBottomTableViewCell.xib in Resources */ = {isa = PBXBuildFile; fileRef = 9AACF45E1F1A209000054505 /* HomeTopBottomTableViewCell.xib */; };
		9AACF4641F1A26D900054505 /* HomeCollectionTableViewCell.m in Sources */ = {isa = PBXBuildFile; fileRef = 9AACF4621F1A26D900054505 /* HomeCollectionTableViewCell.m */; };
		9AACF4651F1A26D900054505 /* HomeCollectionTableViewCell.xib in Resources */ = {isa = PBXBuildFile; fileRef = 9AACF4631F1A26D900054505 /* HomeCollectionTableViewCell.xib */; };
		9AACF4A01F1A5C8200054505 /* UIView+Utils.m in Sources */ = {isa = PBXBuildFile; fileRef = 9AACF49F1F1A5C8200054505 /* UIView+Utils.m */; };
		9AACF4A31F1A5D7C00054505 /* BaseTableViewCell.m in Sources */ = {isa = PBXBuildFile; fileRef = 9AACF4A21F1A5D7C00054505 /* BaseTableViewCell.m */; };
		9AACF4A61F1B266B00054505 /* ProductInfoModel.m in Sources */ = {isa = PBXBuildFile; fileRef = 9AACF4A51F1B266B00054505 /* ProductInfoModel.m */; };
		9AC311CB1F38A0260036B5EF /* NSString+Utility.m in Sources */ = {isa = PBXBuildFile; fileRef = 9AC311CA1F38A0260036B5EF /* NSString+Utility.m */; };
		9AC8CA8C1F007F1300E11E3C /* AppDelegate.m in Sources */ = {isa = PBXBuildFile; fileRef = 9AC8CA8B1F007F1300E11E3C /* AppDelegate.m */; };
		9AC8CA951F007F1300E11E3C /* Main.storyboard in Resources */ = {isa = PBXBuildFile; fileRef = 9AC8CA931F007F1300E11E3C /* Main.storyboard */; };
		9AC8CA971F007F1300E11E3C /* Assets.xcassets in Resources */ = {isa = PBXBuildFile; fileRef = 9AC8CA961F007F1300E11E3C /* Assets.xcassets */; };
		9AC8CA9A1F007F1300E11E3C /* LaunchScreen.storyboard in Resources */ = {isa = PBXBuildFile; fileRef = 9AC8CA981F007F1300E11E3C /* LaunchScreen.storyboard */; };
		9AC8CA9D1F007F1300E11E3C /* main.m in Sources */ = {isa = PBXBuildFile; fileRef = 9AC8CA9C1F007F1300E11E3C /* main.m */; };
		9ADDA9141F35494D0060FA66 /* BaseNavController.m in Sources */ = {isa = PBXBuildFile; fileRef = 9ADDA9121F35494D0060FA66 /* BaseNavController.m */; };
		9ADDA9181F354AD10060FA66 /* BaseViewController.m in Sources */ = {isa = PBXBuildFile; fileRef = 9ADDA9171F354AD10060FA66 /* BaseViewController.m */; };
		9ADDA91C1F35CDB00060FA66 /* UnLoginView.m in Sources */ = {isa = PBXBuildFile; fileRef = 9ADDA91B1F35CDB00060FA66 /* UnLoginView.m */; };
		9AE0DAF91F3EC18700925A9A /* MigrationDB.m in Sources */ = {isa = PBXBuildFile; fileRef = 9AE0DAF81F3EC18700925A9A /* MigrationDB.m */; };
		9AE0DAFC1F3F0D7B00925A9A /* AccountInfo.m in Sources */ = {isa = PBXBuildFile; fileRef = 9AE0DAFB1F3F0D7B00925A9A /* AccountInfo.m */; };
		9AE0DAFF1F4044AB00925A9A /* ProductDetailViewController.m in Sources */ = {isa = PBXBuildFile; fileRef = 9AE0DAFE1F4044AB00925A9A /* ProductDetailViewController.m */; };
		9AFF3B421F1CEC1900100916 /* HomeCompsiteTableViewCell.m in Sources */ = {isa = PBXBuildFile; fileRef = 9AFF3B401F1CEC1900100916 /* HomeCompsiteTableViewCell.m */; };
		9AFF3B431F1CEC1900100916 /* HomeCompsiteTableViewCell.xib in Resources */ = {isa = PBXBuildFile; fileRef = 9AFF3B411F1CEC1900100916 /* HomeCompsiteTableViewCell.xib */; };
/* End PBXBuildFile section */

/* Begin PBXContainerItemProxy section */
		9AC311D51F38A9200036B5EF /* PBXContainerItemProxy */ = {
			isa = PBXContainerItemProxy;
			containerPortal = 9AC8CA7F1F007F1300E11E3C /* Project object */;
			proxyType = 1;
			remoteGlobalIDString = 9AC8CA861F007F1300E11E3C;
			remoteInfo = platform;
		};
/* End PBXContainerItemProxy section */

/* Begin PBXFileReference section */
		6C8697E91F0F2D92004ABF92 /* PrefixHeader.pch */ = {isa = PBXFileReference; fileEncoding = 4; lastKnownFileType = sourcecode.c.h; path = PrefixHeader.pch; sourceTree = "<group>"; };
		6C8697EE1F0F7C66004ABF92 /* RFLayout.h */ = {isa = PBXFileReference; fileEncoding = 4; lastKnownFileType = sourcecode.c.h; path = RFLayout.h; sourceTree = "<group>"; };
		6C8697EF1F0F7C66004ABF92 /* RFLayout.m */ = {isa = PBXFileReference; fileEncoding = 4; lastKnownFileType = sourcecode.c.objc; path = RFLayout.m; sourceTree = "<group>"; };
		962AC8589D09D31610A226BA /* libPods-platform.a */ = {isa = PBXFileReference; explicitFileType = archive.ar; includeInIndex = 0; path = "libPods-platform.a"; sourceTree = BUILT_PRODUCTS_DIR; };
		9A156199DA1F3D027ACBFD50 /* Pods-platform.debug.xcconfig */ = {isa = PBXFileReference; includeInIndex = 1; lastKnownFileType = text.xcconfig; name = "Pods-platform.debug.xcconfig"; path = "Pods/Target Support Files/Pods-platform/Pods-platform.debug.xcconfig"; sourceTree = "<group>"; };
		9A1F5B9B1F01D2E900525E5C /* PurchaseViewController.h */ = {isa = PBXFileReference; lastKnownFileType = sourcecode.c.h; path = PurchaseViewController.h; sourceTree = "<group>"; };
		9A1F5B9C1F01D2E900525E5C /* PurchaseViewController.m */ = {isa = PBXFileReference; lastKnownFileType = sourcecode.c.objc; path = PurchaseViewController.m; sourceTree = "<group>"; };
		9A1F5B9E1F01D31900525E5C /* CompanyInfoViewController.h */ = {isa = PBXFileReference; lastKnownFileType = sourcecode.c.h; path = CompanyInfoViewController.h; sourceTree = "<group>"; };
		9A1F5B9F1F01D31900525E5C /* CompanyInfoViewController.m */ = {isa = PBXFileReference; lastKnownFileType = sourcecode.c.objc; path = CompanyInfoViewController.m; sourceTree = "<group>"; };
		9A1F5BA11F01D32400525E5C /* MyCenterViewController.h */ = {isa = PBXFileReference; lastKnownFileType = sourcecode.c.h; path = MyCenterViewController.h; sourceTree = "<group>"; };
		9A1F5BA21F01D32400525E5C /* MyCenterViewController.m */ = {isa = PBXFileReference; lastKnownFileType = sourcecode.c.objc; path = MyCenterViewController.m; sourceTree = "<group>"; };
		9A31C8D51F2F605300DA8604 /* Detail.storyboard */ = {isa = PBXFileReference; lastKnownFileType = file.storyboard; path = Detail.storyboard; sourceTree = "<group>"; };
		9A31C8DA1F2FEE4B00DA8604 /* DetailViewController.h */ = {isa = PBXFileReference; lastKnownFileType = sourcecode.c.h; path = DetailViewController.h; sourceTree = "<group>"; };
		9A31C8DB1F2FEE4B00DA8604 /* DetailViewController.m */ = {isa = PBXFileReference; lastKnownFileType = sourcecode.c.objc; path = DetailViewController.m; sourceTree = "<group>"; };
		9A31C8DE1F2FEEF000DA8604 /* LoginViewController.h */ = {isa = PBXFileReference; lastKnownFileType = sourcecode.c.h; path = LoginViewController.h; sourceTree = "<group>"; };
		9A31C8DF1F2FEEF000DA8604 /* LoginViewController.m */ = {isa = PBXFileReference; lastKnownFileType = sourcecode.c.objc; path = LoginViewController.m; sourceTree = "<group>"; };
		9A3969F21F3717F1004B597B /* Login.storyboard */ = {isa = PBXFileReference; lastKnownFileType = file.storyboard; path = Login.storyboard; sourceTree = "<group>"; };
		9A7D79801F36D7FB00D74EB6 /* WRNavigationBar.m */ = {isa = PBXFileReference; lastKnownFileType = sourcecode.c.objc; path = WRNavigationBar.m; sourceTree = "<group>"; };
		9A7D79811F36D7FB00D74EB6 /* WRNavigationBar.h */ = {isa = PBXFileReference; lastKnownFileType = sourcecode.c.h; path = WRNavigationBar.h; sourceTree = "<group>"; };
		9AA70D0E1F37493100FCC1F5 /* RegistViewController.h */ = {isa = PBXFileReference; lastKnownFileType = sourcecode.c.h; path = RegistViewController.h; sourceTree = "<group>"; };
		9AA70D0F1F37493100FCC1F5 /* RegistViewController.m */ = {isa = PBXFileReference; lastKnownFileType = sourcecode.c.objc; path = RegistViewController.m; sourceTree = "<group>"; };
		9AA70D111F375DF400FCC1F5 /* DBManager.h */ = {isa = PBXFileReference; lastKnownFileType = sourcecode.c.h; path = DBManager.h; sourceTree = "<group>"; };
		9AA70D121F375DF400FCC1F5 /* DBManager.m */ = {isa = PBXFileReference; lastKnownFileType = sourcecode.c.objc; path = DBManager.m; sourceTree = "<group>"; };
		9AACF4441F17B8B900054505 /* HomeViewController.h */ = {isa = PBXFileReference; fileEncoding = 4; lastKnownFileType = sourcecode.c.h; path = HomeViewController.h; sourceTree = "<group>"; };
		9AACF4451F17B8B900054505 /* HomeViewController.m */ = {isa = PBXFileReference; fileEncoding = 4; lastKnownFileType = sourcecode.c.objc; path = HomeViewController.m; sourceTree = "<group>"; };
		9AACF4471F17C0D500054505 /* HomeCollectionCell.h */ = {isa = PBXFileReference; fileEncoding = 4; lastKnownFileType = sourcecode.c.h; path = HomeCollectionCell.h; sourceTree = "<group>"; };
		9AACF4481F17C0D500054505 /* HomeCollectionCell.m */ = {isa = PBXFileReference; fileEncoding = 4; lastKnownFileType = sourcecode.c.objc; path = HomeCollectionCell.m; sourceTree = "<group>"; };
		9AACF4491F17C0D500054505 /* HomeCollectionCell.xib */ = {isa = PBXFileReference; fileEncoding = 4; lastKnownFileType = file.xib; path = HomeCollectionCell.xib; sourceTree = "<group>"; };
		9AACF44C1F17C1B500054505 /* HomeHeaderCell.h */ = {isa = PBXFileReference; fileEncoding = 4; lastKnownFileType = sourcecode.c.h; path = HomeHeaderCell.h; sourceTree = "<group>"; };
		9AACF44D1F17C1B500054505 /* HomeHeaderCell.m */ = {isa = PBXFileReference; fileEncoding = 4; lastKnownFileType = sourcecode.c.objc; path = HomeHeaderCell.m; sourceTree = "<group>"; };
		9AACF44E1F17C1B500054505 /* HomeHeaderCell.xib */ = {isa = PBXFileReference; fileEncoding = 4; lastKnownFileType = file.xib; path = HomeHeaderCell.xib; sourceTree = "<group>"; };
		9AACF4561F1A1ECE00054505 /* HomeImageTableViewCell.h */ = {isa = PBXFileReference; fileEncoding = 4; lastKnownFileType = sourcecode.c.h; path = HomeImageTableViewCell.h; sourceTree = "<group>"; };
		9AACF4571F1A1ECE00054505 /* HomeImageTableViewCell.m */ = {isa = PBXFileReference; fileEncoding = 4; lastKnownFileType = sourcecode.c.objc; path = HomeImageTableViewCell.m; sourceTree = "<group>"; };
		9AACF4581F1A1ECE00054505 /* HomeImageTableViewCell.xib */ = {isa = PBXFileReference; fileEncoding = 4; lastKnownFileType = file.xib; path = HomeImageTableViewCell.xib; sourceTree = "<group>"; };
		9AACF45C1F1A209000054505 /* HomeTopBottomTableViewCell.h */ = {isa = PBXFileReference; fileEncoding = 4; lastKnownFileType = sourcecode.c.h; path = HomeTopBottomTableViewCell.h; sourceTree = "<group>"; };
		9AACF45D1F1A209000054505 /* HomeTopBottomTableViewCell.m */ = {isa = PBXFileReference; fileEncoding = 4; lastKnownFileType = sourcecode.c.objc; path = HomeTopBottomTableViewCell.m; sourceTree = "<group>"; };
		9AACF45E1F1A209000054505 /* HomeTopBottomTableViewCell.xib */ = {isa = PBXFileReference; fileEncoding = 4; lastKnownFileType = file.xib; path = HomeTopBottomTableViewCell.xib; sourceTree = "<group>"; };
		9AACF4611F1A26D900054505 /* HomeCollectionTableViewCell.h */ = {isa = PBXFileReference; fileEncoding = 4; lastKnownFileType = sourcecode.c.h; path = HomeCollectionTableViewCell.h; sourceTree = "<group>"; };
		9AACF4621F1A26D900054505 /* HomeCollectionTableViewCell.m */ = {isa = PBXFileReference; fileEncoding = 4; lastKnownFileType = sourcecode.c.objc; path = HomeCollectionTableViewCell.m; sourceTree = "<group>"; };
		9AACF4631F1A26D900054505 /* HomeCollectionTableViewCell.xib */ = {isa = PBXFileReference; fileEncoding = 4; lastKnownFileType = file.xib; path = HomeCollectionTableViewCell.xib; sourceTree = "<group>"; };
		9AACF4671F1A533600054505 /* Utility.h */ = {isa = PBXFileReference; fileEncoding = 4; lastKnownFileType = sourcecode.c.h; path = Utility.h; sourceTree = "<group>"; };
		9AACF49E1F1A5C8200054505 /* UIView+Utils.h */ = {isa = PBXFileReference; fileEncoding = 4; lastKnownFileType = sourcecode.c.h; path = "UIView+Utils.h"; sourceTree = "<group>"; };
		9AACF49F1F1A5C8200054505 /* UIView+Utils.m */ = {isa = PBXFileReference; fileEncoding = 4; lastKnownFileType = sourcecode.c.objc; path = "UIView+Utils.m"; sourceTree = "<group>"; };
		9AACF4A11F1A5D7C00054505 /* BaseTableViewCell.h */ = {isa = PBXFileReference; fileEncoding = 4; lastKnownFileType = sourcecode.c.h; path = BaseTableViewCell.h; sourceTree = "<group>"; };
		9AACF4A21F1A5D7C00054505 /* BaseTableViewCell.m */ = {isa = PBXFileReference; fileEncoding = 4; lastKnownFileType = sourcecode.c.objc; path = BaseTableViewCell.m; sourceTree = "<group>"; };
		9AACF4A41F1B266B00054505 /* ProductInfoModel.h */ = {isa = PBXFileReference; fileEncoding = 4; lastKnownFileType = sourcecode.c.h; path = ProductInfoModel.h; sourceTree = "<group>"; };
		9AACF4A51F1B266B00054505 /* ProductInfoModel.m */ = {isa = PBXFileReference; fileEncoding = 4; lastKnownFileType = sourcecode.c.objc; path = ProductInfoModel.m; sourceTree = "<group>"; };
		9AC311C91F38A0260036B5EF /* NSString+Utility.h */ = {isa = PBXFileReference; lastKnownFileType = sourcecode.c.h; path = "NSString+Utility.h"; sourceTree = "<group>"; };
		9AC311CA1F38A0260036B5EF /* NSString+Utility.m */ = {isa = PBXFileReference; lastKnownFileType = sourcecode.c.objc; path = "NSString+Utility.m"; sourceTree = "<group>"; };
		9AC311D01F38A9200036B5EF /* platformTests.xctest */ = {isa = PBXFileReference; explicitFileType = wrapper.cfbundle; includeInIndex = 0; path = platformTests.xctest; sourceTree = BUILT_PRODUCTS_DIR; };
		9AC8CA871F007F1300E11E3C /* platform.app */ = {isa = PBXFileReference; explicitFileType = wrapper.application; includeInIndex = 0; path = platform.app; sourceTree = BUILT_PRODUCTS_DIR; };
		9AC8CA8A1F007F1300E11E3C /* AppDelegate.h */ = {isa = PBXFileReference; lastKnownFileType = sourcecode.c.h; path = AppDelegate.h; sourceTree = "<group>"; };
		9AC8CA8B1F007F1300E11E3C /* AppDelegate.m */ = {isa = PBXFileReference; lastKnownFileType = sourcecode.c.objc; path = AppDelegate.m; sourceTree = "<group>"; };
		9AC8CA941F007F1300E11E3C /* Base */ = {isa = PBXFileReference; lastKnownFileType = file.storyboard; name = Base; path = Base.lproj/Main.storyboard; sourceTree = "<group>"; };
		9AC8CA961F007F1300E11E3C /* Assets.xcassets */ = {isa = PBXFileReference; lastKnownFileType = folder.assetcatalog; path = Assets.xcassets; sourceTree = "<group>"; };
		9AC8CA991F007F1300E11E3C /* Base */ = {isa = PBXFileReference; lastKnownFileType = file.storyboard; name = Base; path = Base.lproj/LaunchScreen.storyboard; sourceTree = "<group>"; };
		9AC8CA9B1F007F1300E11E3C /* Info.plist */ = {isa = PBXFileReference; lastKnownFileType = text.plist.xml; path = Info.plist; sourceTree = "<group>"; };
		9AC8CA9C1F007F1300E11E3C /* main.m */ = {isa = PBXFileReference; lastKnownFileType = sourcecode.c.objc; path = main.m; sourceTree = "<group>"; };
		9AD2F6101F320EAD00D6D85F /* Note.md */ = {isa = PBXFileReference; lastKnownFileType = net.daringfireball.markdown; path = Note.md; sourceTree = "<group>"; };
		9ADDA9111F35494D0060FA66 /* BaseNavController.h */ = {isa = PBXFileReference; lastKnownFileType = sourcecode.c.h; path = BaseNavController.h; sourceTree = "<group>"; };
		9ADDA9121F35494D0060FA66 /* BaseNavController.m */ = {isa = PBXFileReference; lastKnownFileType = sourcecode.c.objc; path = BaseNavController.m; sourceTree = "<group>"; };
		9ADDA9161F354AD10060FA66 /* BaseViewController.h */ = {isa = PBXFileReference; lastKnownFileType = sourcecode.c.h; path = BaseViewController.h; sourceTree = "<group>"; };
		9ADDA9171F354AD10060FA66 /* BaseViewController.m */ = {isa = PBXFileReference; lastKnownFileType = sourcecode.c.objc; path = BaseViewController.m; sourceTree = "<group>"; };
		9ADDA91A1F35CDB00060FA66 /* UnLoginView.h */ = {isa = PBXFileReference; lastKnownFileType = sourcecode.c.h; path = UnLoginView.h; sourceTree = "<group>"; };
		9ADDA91B1F35CDB00060FA66 /* UnLoginView.m */ = {isa = PBXFileReference; lastKnownFileType = sourcecode.c.objc; path = UnLoginView.m; sourceTree = "<group>"; };
		9AE0DAF71F3EC18700925A9A /* MigrationDB.h */ = {isa = PBXFileReference; lastKnownFileType = sourcecode.c.h; path = MigrationDB.h; sourceTree = "<group>"; };
		9AE0DAF81F3EC18700925A9A /* MigrationDB.m */ = {isa = PBXFileReference; lastKnownFileType = sourcecode.c.objc; path = MigrationDB.m; sourceTree = "<group>"; };
		9AE0DAFA1F3F0D7B00925A9A /* AccountInfo.h */ = {isa = PBXFileReference; lastKnownFileType = sourcecode.c.h; path = AccountInfo.h; sourceTree = "<group>"; };
		9AE0DAFB1F3F0D7B00925A9A /* AccountInfo.m */ = {isa = PBXFileReference; lastKnownFileType = sourcecode.c.objc; path = AccountInfo.m; sourceTree = "<group>"; };
		9AE0DAFD1F4044AB00925A9A /* ProductDetailViewController.h */ = {isa = PBXFileReference; lastKnownFileType = sourcecode.c.h; path = ProductDetailViewController.h; sourceTree = "<group>"; };
		9AE0DAFE1F4044AB00925A9A /* ProductDetailViewController.m */ = {isa = PBXFileReference; lastKnownFileType = sourcecode.c.objc; path = ProductDetailViewController.m; sourceTree = "<group>"; };
		9AFF3B3F1F1CEC1900100916 /* HomeCompsiteTableViewCell.h */ = {isa = PBXFileReference; fileEncoding = 4; lastKnownFileType = sourcecode.c.h; path = HomeCompsiteTableViewCell.h; sourceTree = "<group>"; };
		9AFF3B401F1CEC1900100916 /* HomeCompsiteTableViewCell.m */ = {isa = PBXFileReference; fileEncoding = 4; lastKnownFileType = sourcecode.c.objc; path = HomeCompsiteTableViewCell.m; sourceTree = "<group>"; };
		9AFF3B411F1CEC1900100916 /* HomeCompsiteTableViewCell.xib */ = {isa = PBXFileReference; fileEncoding = 4; lastKnownFileType = file.xib; path = HomeCompsiteTableViewCell.xib; sourceTree = "<group>"; };
		B31DF425355399C49A90FE24 /* Pods-platform.release.xcconfig */ = {isa = PBXFileReference; includeInIndex = 1; lastKnownFileType = text.xcconfig; name = "Pods-platform.release.xcconfig"; path = "Pods/Target Support Files/Pods-platform/Pods-platform.release.xcconfig"; sourceTree = "<group>"; };
/* End PBXFileReference section */

/* Begin PBXFrameworksBuildPhase section */
		9AC311CD1F38A9200036B5EF /* Frameworks */ = {
			isa = PBXFrameworksBuildPhase;
			buildActionMask = 2147483647;
			files = (
			);
			runOnlyForDeploymentPostprocessing = 0;
		};
		9AC8CA841F007F1300E11E3C /* Frameworks */ = {
			isa = PBXFrameworksBuildPhase;
			buildActionMask = 2147483647;
			files = (
				1ECCEF903F1B44F5087B76F9 /* libPods-platform.a in Frameworks */,
			);
			runOnlyForDeploymentPostprocessing = 0;
		};
/* End PBXFrameworksBuildPhase section */

/* Begin PBXGroup section */
		04D277784E64ABD75A0419B9 /* Frameworks */ = {
			isa = PBXGroup;
			children = (
				962AC8589D09D31610A226BA /* libPods-platform.a */,
			);
			name = Frameworks;
			sourceTree = "<group>";
		};
		6C8697ED1F0F7C59004ABF92 /* ThirdPart */ = {
			isa = PBXGroup;
			children = (
				9A7D79811F36D7FB00D74EB6 /* WRNavigationBar.h */,
				9A7D79801F36D7FB00D74EB6 /* WRNavigationBar.m */,
				6C8697EE1F0F7C66004ABF92 /* RFLayout.h */,
				6C8697EF1F0F7C66004ABF92 /* RFLayout.m */,
			);
			path = ThirdPart;
			sourceTree = "<group>";
		};
		9A1F5BA41F01D36200525E5C /* Controller */ = {
			isa = PBXGroup;
			children = (
				9ADDA9101F3549260060FA66 /* Base */,
				9A31C8DD1F2FEED900DA8604 /* My */,
				9A31C8D91F2FEE1800DA8604 /* Detail */,
				9AACF4441F17B8B900054505 /* HomeViewController.h */,
				9AACF4451F17B8B900054505 /* HomeViewController.m */,
				9A1F5B9B1F01D2E900525E5C /* PurchaseViewController.h */,
				9A1F5B9C1F01D2E900525E5C /* PurchaseViewController.m */,
				9A1F5B9E1F01D31900525E5C /* CompanyInfoViewController.h */,
				9A1F5B9F1F01D31900525E5C /* CompanyInfoViewController.m */,
				9A1F5BA11F01D32400525E5C /* MyCenterViewController.h */,
				9A1F5BA21F01D32400525E5C /* MyCenterViewController.m */,
			);
			path = Controller;
			sourceTree = "<group>";
		};
		9A1F5BA51F01D37600525E5C /* View */ = {
			isa = PBXGroup;
			children = (
				9ADDA9191F35CD5B0060FA66 /* My */,
				9AACF45B1F1A1FA100054505 /* CollectionCell */,
				9AACF4A11F1A5D7C00054505 /* BaseTableViewCell.h */,
				9AACF4A21F1A5D7C00054505 /* BaseTableViewCell.m */,
				9AACF44C1F17C1B500054505 /* HomeHeaderCell.h */,
				9AACF44D1F17C1B500054505 /* HomeHeaderCell.m */,
				9AACF44E1F17C1B500054505 /* HomeHeaderCell.xib */,
				9AACF4611F1A26D900054505 /* HomeCollectionTableViewCell.h */,
				9AACF4621F1A26D900054505 /* HomeCollectionTableViewCell.m */,
				9AACF4631F1A26D900054505 /* HomeCollectionTableViewCell.xib */,
				9AACF4561F1A1ECE00054505 /* HomeImageTableViewCell.h */,
				9AACF4571F1A1ECE00054505 /* HomeImageTableViewCell.m */,
				9AACF4581F1A1ECE00054505 /* HomeImageTableViewCell.xib */,
				9AACF45C1F1A209000054505 /* HomeTopBottomTableViewCell.h */,
				9AACF45D1F1A209000054505 /* HomeTopBottomTableViewCell.m */,
				9AACF45E1F1A209000054505 /* HomeTopBottomTableViewCell.xib */,
				9AFF3B3F1F1CEC1900100916 /* HomeCompsiteTableViewCell.h */,
				9AFF3B401F1CEC1900100916 /* HomeCompsiteTableViewCell.m */,
				9AFF3B411F1CEC1900100916 /* HomeCompsiteTableViewCell.xib */,
			);
			path = View;
			sourceTree = "<group>";
		};
		9A1F5BA61F01D37D00525E5C /* Model */ = {
			isa = PBXGroup;
			children = (
				9AACF4A41F1B266B00054505 /* ProductInfoModel.h */,
				9AACF4A51F1B266B00054505 /* ProductInfoModel.m */,
				9AE0DAFA1F3F0D7B00925A9A /* AccountInfo.h */,
				9AE0DAFB1F3F0D7B00925A9A /* AccountInfo.m */,
			);
			path = Model;
			sourceTree = "<group>";
		};
		9A1F5BA71F01D38700525E5C /* Resource */ = {
			isa = PBXGroup;
			children = (
				9AC8CA961F007F1300E11E3C /* Assets.xcassets */,
				9AC8CA931F007F1300E11E3C /* Main.storyboard */,
				9AC8CA981F007F1300E11E3C /* LaunchScreen.storyboard */,
				9A31C8D51F2F605300DA8604 /* Detail.storyboard */,
				9A3969F21F3717F1004B597B /* Login.storyboard */,
			);
			path = Resource;
			sourceTree = "<group>";
		};
		9A31C8D91F2FEE1800DA8604 /* Detail */ = {
			isa = PBXGroup;
			children = (
				9A31C8DA1F2FEE4B00DA8604 /* DetailViewController.h */,
				9A31C8DB1F2FEE4B00DA8604 /* DetailViewController.m */,
				9AE0DAFD1F4044AB00925A9A /* ProductDetailViewController.h */,
				9AE0DAFE1F4044AB00925A9A /* ProductDetailViewController.m */,
			);
			path = Detail;
			sourceTree = "<group>";
		};
		9A31C8DD1F2FEED900DA8604 /* My */ = {
			isa = PBXGroup;
			children = (
				9A31C8DE1F2FEEF000DA8604 /* LoginViewController.h */,
				9A31C8DF1F2FEEF000DA8604 /* LoginViewController.m */,
				9AA70D0E1F37493100FCC1F5 /* RegistViewController.h */,
				9AA70D0F1F37493100FCC1F5 /* RegistViewController.m */,
			);
			path = My;
			sourceTree = "<group>";
		};
		9AACF45B1F1A1FA100054505 /* CollectionCell */ = {
			isa = PBXGroup;
			children = (
				9AACF4471F17C0D500054505 /* HomeCollectionCell.h */,
				9AACF4481F17C0D500054505 /* HomeCollectionCell.m */,
				9AACF4491F17C0D500054505 /* HomeCollectionCell.xib */,
			);
			name = CollectionCell;
			sourceTree = "<group>";
		};
		9AACF4661F1A531B00054505 /* Utility */ = {
			isa = PBXGroup;
			children = (
				9AACF4671F1A533600054505 /* Utility.h */,
				9AACF49E1F1A5C8200054505 /* UIView+Utils.h */,
				9AACF49F1F1A5C8200054505 /* UIView+Utils.m */,
				9AA70D111F375DF400FCC1F5 /* DBManager.h */,
				9AA70D121F375DF400FCC1F5 /* DBManager.m */,
				9AC311C91F38A0260036B5EF /* NSString+Utility.h */,
				9AC311CA1F38A0260036B5EF /* NSString+Utility.m */,
				9AE0DAF71F3EC18700925A9A /* MigrationDB.h */,
				9AE0DAF81F3EC18700925A9A /* MigrationDB.m */,
			);
			path = Utility;
			sourceTree = "<group>";
		};
		9AC8CA7E1F007F1300E11E3C = {
			isa = PBXGroup;
			children = (
				9AC8CA891F007F1300E11E3C /* platform */,
				9AC8CA881F007F1300E11E3C /* Products */,
				A1E3475D5E227F34D026AB5E /* Pods */,
				04D277784E64ABD75A0419B9 /* Frameworks */,
			);
			sourceTree = "<group>";
		};
		9AC8CA881F007F1300E11E3C /* Products */ = {
			isa = PBXGroup;
			children = (
				9AC8CA871F007F1300E11E3C /* platform.app */,
				9AC311D01F38A9200036B5EF /* platformTests.xctest */,
			);
			name = Products;
			sourceTree = "<group>";
		};
		9AC8CA891F007F1300E11E3C /* platform */ = {
			isa = PBXGroup;
			children = (
				6C8697ED1F0F7C59004ABF92 /* ThirdPart */,
				9A1F5BA61F01D37D00525E5C /* Model */,
				9A1F5BA51F01D37600525E5C /* View */,
				9A1F5BA41F01D36200525E5C /* Controller */,
				9AACF4661F1A531B00054505 /* Utility */,
				9AC8CA8A1F007F1300E11E3C /* AppDelegate.h */,
				9AC8CA8B1F007F1300E11E3C /* AppDelegate.m */,
				6C8697E91F0F2D92004ABF92 /* PrefixHeader.pch */,
				9AC8CA9B1F007F1300E11E3C /* Info.plist */,
				9AC8CA9C1F007F1300E11E3C /* main.m */,
				9A1F5BA71F01D38700525E5C /* Resource */,
				9AD2F6101F320EAD00D6D85F /* Note.md */,
			);
			path = platform;
			sourceTree = "<group>";
		};
		9ADDA9101F3549260060FA66 /* Base */ = {
			isa = PBXGroup;
			children = (
				9ADDA9111F35494D0060FA66 /* BaseNavController.h */,
				9ADDA9121F35494D0060FA66 /* BaseNavController.m */,
				9ADDA9161F354AD10060FA66 /* BaseViewController.h */,
				9ADDA9171F354AD10060FA66 /* BaseViewController.m */,
			);
			path = Base;
			sourceTree = "<group>";
		};
		9ADDA9191F35CD5B0060FA66 /* My */ = {
			isa = PBXGroup;
			children = (
				9ADDA91A1F35CDB00060FA66 /* UnLoginView.h */,
				9ADDA91B1F35CDB00060FA66 /* UnLoginView.m */,
			);
			path = My;
			sourceTree = "<group>";
		};
		A1E3475D5E227F34D026AB5E /* Pods */ = {
			isa = PBXGroup;
			children = (
				9A156199DA1F3D027ACBFD50 /* Pods-platform.debug.xcconfig */,
				B31DF425355399C49A90FE24 /* Pods-platform.release.xcconfig */,
			);
			name = Pods;
			sourceTree = "<group>";
		};
/* End PBXGroup section */

/* Begin PBXNativeTarget section */
		9AC311CF1F38A9200036B5EF /* platformTests */ = {
			isa = PBXNativeTarget;
			buildConfigurationList = 9AC311D71F38A9200036B5EF /* Build configuration list for PBXNativeTarget "platformTests" */;
			buildPhases = (
				9AC311CC1F38A9200036B5EF /* Sources */,
				9AC311CD1F38A9200036B5EF /* Frameworks */,
				9AC311CE1F38A9200036B5EF /* Resources */,
			);
			buildRules = (
			);
			dependencies = (
				9AC311D61F38A9200036B5EF /* PBXTargetDependency */,
			);
			name = platformTests;
			productName = platformTests;
			productReference = 9AC311D01F38A9200036B5EF /* platformTests.xctest */;
			productType = "com.apple.product-type.bundle.unit-test";
		};
		9AC8CA861F007F1300E11E3C /* platform */ = {
			isa = PBXNativeTarget;
			buildConfigurationList = 9AC8CAA01F007F1300E11E3C /* Build configuration list for PBXNativeTarget "platform" */;
			buildPhases = (
				4497EF1B417E3220D5205974 /* [CP] Check Pods Manifest.lock */,
				9AC8CA831F007F1300E11E3C /* Sources */,
				9AC8CA841F007F1300E11E3C /* Frameworks */,
				9AC8CA851F007F1300E11E3C /* Resources */,
				5A5FB457ACB798366969629B /* [CP] Embed Pods Frameworks */,
				9F5464011DEAC56021306A07 /* [CP] Copy Pods Resources */,
			);
			buildRules = (
			);
			dependencies = (
			);
			name = platform;
			productName = platform;
			productReference = 9AC8CA871F007F1300E11E3C /* platform.app */;
			productType = "com.apple.product-type.application";
		};
/* End PBXNativeTarget section */

/* Begin PBXProject section */
		9AC8CA7F1F007F1300E11E3C /* Project object */ = {
			isa = PBXProject;
			attributes = {
				LastUpgradeCheck = 0900;
				ORGANIZATIONNAME = chliu.brook;
				TargetAttributes = {
					9AC311CF1F38A9200036B5EF = {
						CreatedOnToolsVersion = 9.0;
						TestTargetID = 9AC8CA861F007F1300E11E3C;
					};
					9AC8CA861F007F1300E11E3C = {
						CreatedOnToolsVersion = 9.0;
						ProvisioningStyle = Manual;
					};
				};
			};
			buildConfigurationList = 9AC8CA821F007F1300E11E3C /* Build configuration list for PBXProject "platform" */;
			compatibilityVersion = "Xcode 8.0";
			developmentRegion = en;
			hasScannedForEncodings = 0;
			knownRegions = (
				en,
				Base,
			);
			mainGroup = 9AC8CA7E1F007F1300E11E3C;
			productRefGroup = 9AC8CA881F007F1300E11E3C /* Products */;
			projectDirPath = "";
			projectRoot = "";
			targets = (
				9AC8CA861F007F1300E11E3C /* platform */,
				9AC311CF1F38A9200036B5EF /* platformTests */,
			);
		};
/* End PBXProject section */

/* Begin PBXResourcesBuildPhase section */
		9AC311CE1F38A9200036B5EF /* Resources */ = {
			isa = PBXResourcesBuildPhase;
			buildActionMask = 2147483647;
			files = (
			);
			runOnlyForDeploymentPostprocessing = 0;
		};
		9AC8CA851F007F1300E11E3C /* Resources */ = {
			isa = PBXResourcesBuildPhase;
			buildActionMask = 2147483647;
			files = (
				9AACF4651F1A26D900054505 /* HomeCollectionTableViewCell.xib in Resources */,
				9AFF3B431F1CEC1900100916 /* HomeCompsiteTableViewCell.xib in Resources */,
				9AACF4501F17C1B500054505 /* HomeHeaderCell.xib in Resources */,
				9A31C8D61F2F605300DA8604 /* Detail.storyboard in Resources */,
				9AACF44B1F17C0D500054505 /* HomeCollectionCell.xib in Resources */,
				9AC8CA9A1F007F1300E11E3C /* LaunchScreen.storyboard in Resources */,
				9AACF4601F1A209000054505 /* HomeTopBottomTableViewCell.xib in Resources */,
				9AC8CA971F007F1300E11E3C /* Assets.xcassets in Resources */,
				9A3969F31F3717F1004B597B /* Login.storyboard in Resources */,
				9AACF45A1F1A1ECE00054505 /* HomeImageTableViewCell.xib in Resources */,
				9AC8CA951F007F1300E11E3C /* Main.storyboard in Resources */,
			);
			runOnlyForDeploymentPostprocessing = 0;
		};
/* End PBXResourcesBuildPhase section */

/* Begin PBXShellScriptBuildPhase section */
		4497EF1B417E3220D5205974 /* [CP] Check Pods Manifest.lock */ = {
			isa = PBXShellScriptBuildPhase;
			buildActionMask = 2147483647;
			files = (
			);
			inputPaths = (
				"${PODS_PODFILE_DIR_PATH}/Podfile.lock",
				"${PODS_ROOT}/Manifest.lock",
			);
			name = "[CP] Check Pods Manifest.lock";
			outputPaths = (
				"$(DERIVED_FILE_DIR)/Pods-platform-checkManifestLockResult.txt",
			);
			runOnlyForDeploymentPostprocessing = 0;
			shellPath = /bin/sh;
			shellScript = "diff \"${PODS_PODFILE_DIR_PATH}/Podfile.lock\" \"${PODS_ROOT}/Manifest.lock\" > /dev/null\nif [ $? != 0 ] ; then\n    # print error to STDERR\n    echo \"error: The sandbox is not in sync with the Podfile.lock. Run 'pod install' or update your CocoaPods installation.\" >&2\n    exit 1\nfi\n# This output is used by Xcode 'outputs' to avoid re-running this script phase.\necho \"SUCCESS\" > \"${SCRIPT_OUTPUT_FILE_0}\"\n";
			showEnvVarsInLog = 0;
		};
		5A5FB457ACB798366969629B /* [CP] Embed Pods Frameworks */ = {
			isa = PBXShellScriptBuildPhase;
			buildActionMask = 2147483647;
			files = (
			);
			inputPaths = (
			);
			name = "[CP] Embed Pods Frameworks";
			outputPaths = (
			);
			runOnlyForDeploymentPostprocessing = 0;
			shellPath = /bin/sh;
			shellScript = "\"${SRCROOT}/Pods/Target Support Files/Pods-platform/Pods-platform-frameworks.sh\"\n";
			showEnvVarsInLog = 0;
		};
		9F5464011DEAC56021306A07 /* [CP] Copy Pods Resources */ = {
			isa = PBXShellScriptBuildPhase;
			buildActionMask = 2147483647;
			files = (
			);
			inputPaths = (
				"${SRCROOT}/Pods/Target Support Files/Pods-platform/Pods-platform-resources.sh",
				"${PODS_ROOT}/IQKeyboardManager/IQKeyboardManager/Resources/IQKeyboardManager.bundle",
			);
			name = "[CP] Copy Pods Resources";
			outputPaths = (
				"${TARGET_BUILD_DIR}/${UNLOCALIZED_RESOURCES_FOLDER_PATH}",
			);
			runOnlyForDeploymentPostprocessing = 0;
			shellPath = /bin/sh;
			shellScript = "\"${SRCROOT}/Pods/Target Support Files/Pods-platform/Pods-platform-resources.sh\"\n";
			showEnvVarsInLog = 0;
		};
/* End PBXShellScriptBuildPhase section */

/* Begin PBXSourcesBuildPhase section */
		9AC311CC1F38A9200036B5EF /* Sources */ = {
			isa = PBXSourcesBuildPhase;
			buildActionMask = 2147483647;
			files = (
			);
			runOnlyForDeploymentPostprocessing = 0;
		};
		9AC8CA831F007F1300E11E3C /* Sources */ = {
			isa = PBXSourcesBuildPhase;
			buildActionMask = 2147483647;
			files = (
				9AE0DAF91F3EC18700925A9A /* MigrationDB.m in Sources */,
				9AC311CB1F38A0260036B5EF /* NSString+Utility.m in Sources */,
				9AACF4A01F1A5C8200054505 /* UIView+Utils.m in Sources */,
				9AACF4A61F1B266B00054505 /* ProductInfoModel.m in Sources */,
				9A31C8DC1F2FEE4B00DA8604 /* DetailViewController.m in Sources */,
				9A1F5BA01F01D31900525E5C /* CompanyInfoViewController.m in Sources */,
				9ADDA91C1F35CDB00060FA66 /* UnLoginView.m in Sources */,
				9AACF45F1F1A209000054505 /* HomeTopBottomTableViewCell.m in Sources */,
				9AA70D101F37493100FCC1F5 /* RegistViewController.m in Sources */,
				9ADDA9141F35494D0060FA66 /* BaseNavController.m in Sources */,
				9A1F5BA31F01D32400525E5C /* MyCenterViewController.m in Sources */,
				9AE0DAFF1F4044AB00925A9A /* ProductDetailViewController.m in Sources */,
				9AC8CA8C1F007F1300E11E3C /* AppDelegate.m in Sources */,
				9AFF3B421F1CEC1900100916 /* HomeCompsiteTableViewCell.m in Sources */,
				9A7D79821F36D80200D74EB6 /* WRNavigationBar.m in Sources */,
				9A1F5B9D1F01D2E900525E5C /* PurchaseViewController.m in Sources */,
				9AACF44A1F17C0D500054505 /* HomeCollectionCell.m in Sources */,
				9AC8CA9D1F007F1300E11E3C /* main.m in Sources */,
				9AE0DAFC1F3F0D7B00925A9A /* AccountInfo.m in Sources */,
				9AA70D131F375DF400FCC1F5 /* DBManager.m in Sources */,
				9AACF4591F1A1ECE00054505 /* HomeImageTableViewCell.m in Sources */,
				9AACF4641F1A26D900054505 /* HomeCollectionTableViewCell.m in Sources */,
				6C8697F01F0F7C66004ABF92 /* RFLayout.m in Sources */,
				9A31C8E01F2FEEF000DA8604 /* LoginViewController.m in Sources */,
				9AACF4461F17B8B900054505 /* HomeViewController.m in Sources */,
				9AACF4A31F1A5D7C00054505 /* BaseTableViewCell.m in Sources */,
				9ADDA9181F354AD10060FA66 /* BaseViewController.m in Sources */,
				9AACF44F1F17C1B500054505 /* HomeHeaderCell.m in Sources */,
			);
			runOnlyForDeploymentPostprocessing = 0;
		};
/* End PBXSourcesBuildPhase section */

/* Begin PBXTargetDependency section */
		9AC311D61F38A9200036B5EF /* PBXTargetDependency */ = {
			isa = PBXTargetDependency;
			target = 9AC8CA861F007F1300E11E3C /* platform */;
			targetProxy = 9AC311D51F38A9200036B5EF /* PBXContainerItemProxy */;
		};
/* End PBXTargetDependency section */

/* Begin PBXVariantGroup section */
		9AC8CA931F007F1300E11E3C /* Main.storyboard */ = {
			isa = PBXVariantGroup;
			children = (
				9AC8CA941F007F1300E11E3C /* Base */,
			);
			name = Main.storyboard;
			sourceTree = "<group>";
		};
		9AC8CA981F007F1300E11E3C /* LaunchScreen.storyboard */ = {
			isa = PBXVariantGroup;
			children = (
				9AC8CA991F007F1300E11E3C /* Base */,
			);
			name = LaunchScreen.storyboard;
			sourceTree = "<group>";
		};
/* End PBXVariantGroup section */

/* Begin XCBuildConfiguration section */
		9AC311D81F38A9200036B5EF /* Debug */ = {
			isa = XCBuildConfiguration;
			buildSettings = {
				BUNDLE_LOADER = "$(TEST_HOST)";
				DEVELOPMENT_TEAM = B6H97FC4WE;
				INFOPLIST_FILE = platformTests/Info.plist;
				IPHONEOS_DEPLOYMENT_TARGET = 11.0;
				LD_RUNPATH_SEARCH_PATHS = "$(inherited) @executable_path/Frameworks @loader_path/Frameworks";
				PRODUCT_BUNDLE_IDENTIFIER = chliu.brook.platformTests;
				PRODUCT_NAME = "$(TARGET_NAME)";
				TARGETED_DEVICE_FAMILY = "1,2";
				TEST_HOST = "$(BUILT_PRODUCTS_DIR)/platform.app/platform";
			};
			name = Debug;
		};
		9AC311D91F38A9200036B5EF /* Release */ = {
			isa = XCBuildConfiguration;
			buildSettings = {
				BUNDLE_LOADER = "$(TEST_HOST)";
				DEVELOPMENT_TEAM = B6H97FC4WE;
				INFOPLIST_FILE = platformTests/Info.plist;
				IPHONEOS_DEPLOYMENT_TARGET = 11.0;
				LD_RUNPATH_SEARCH_PATHS = "$(inherited) @executable_path/Frameworks @loader_path/Frameworks";
				PRODUCT_BUNDLE_IDENTIFIER = chliu.brook.platformTests;
				PRODUCT_NAME = "$(TARGET_NAME)";
				TARGETED_DEVICE_FAMILY = "1,2";
				TEST_HOST = "$(BUILT_PRODUCTS_DIR)/platform.app/platform";
			};
			name = Release;
		};
		9AC8CA9E1F007F1300E11E3C /* Debug */ = {
			isa = XCBuildConfiguration;
			buildSettings = {
				ALWAYS_SEARCH_USER_PATHS = NO;
				CLANG_ANALYZER_NONNULL = YES;
				CLANG_ANALYZER_NUMBER_OBJECT_CONVERSION = YES_AGGRESSIVE;
				CLANG_CXX_LANGUAGE_STANDARD = "gnu++14";
				CLANG_CXX_LIBRARY = "libc++";
				CLANG_ENABLE_MODULES = YES;
				CLANG_ENABLE_OBJC_ARC = YES;
				CLANG_WARN_BLOCK_CAPTURE_AUTORELEASING = YES;
				CLANG_WARN_BOOL_CONVERSION = YES;
				CLANG_WARN_COMMA = YES;
				CLANG_WARN_CONSTANT_CONVERSION = YES;
				CLANG_WARN_DIRECT_OBJC_ISA_USAGE = YES_ERROR;
				CLANG_WARN_DOCUMENTATION_COMMENTS = YES;
				CLANG_WARN_EMPTY_BODY = YES;
				CLANG_WARN_ENUM_CONVERSION = YES;
				CLANG_WARN_INFINITE_RECURSION = YES;
				CLANG_WARN_INT_CONVERSION = YES;
				CLANG_WARN_OBJC_ROOT_CLASS = YES_ERROR;
				CLANG_WARN_RANGE_LOOP_ANALYSIS = YES;
				CLANG_WARN_STRICT_PROTOTYPES = YES;
				CLANG_WARN_SUSPICIOUS_MOVE = YES;
				CLANG_WARN_UNGUARDED_AVAILABILITY = YES_AGGRESSIVE;
				CLANG_WARN_UNREACHABLE_CODE = YES;
				CLANG_WARN__DUPLICATE_METHOD_MATCH = YES;
				CODE_SIGN_IDENTITY = "iPhone Developer";
				COPY_PHASE_STRIP = NO;
				DEBUG_INFORMATION_FORMAT = dwarf;
				ENABLE_STRICT_OBJC_MSGSEND = YES;
				ENABLE_TESTABILITY = YES;
				GCC_C_LANGUAGE_STANDARD = gnu11;
				GCC_DYNAMIC_NO_PIC = NO;
				GCC_NO_COMMON_BLOCKS = YES;
				GCC_OPTIMIZATION_LEVEL = 0;
				GCC_PREPROCESSOR_DEFINITIONS = (
					"DEBUG=1",
					"$(inherited)",
				);
				GCC_WARN_64_TO_32_BIT_CONVERSION = YES;
				GCC_WARN_ABOUT_RETURN_TYPE = YES_ERROR;
				GCC_WARN_UNDECLARED_SELECTOR = YES;
				GCC_WARN_UNINITIALIZED_AUTOS = YES_AGGRESSIVE;
				GCC_WARN_UNUSED_FUNCTION = YES;
				GCC_WARN_UNUSED_VARIABLE = YES;
				IPHONEOS_DEPLOYMENT_TARGET = 8.0;
				MTL_ENABLE_DEBUG_INFO = YES;
				ONLY_ACTIVE_ARCH = YES;
				SDKROOT = iphoneos;
			};
			name = Debug;
		};
		9AC8CA9F1F007F1300E11E3C /* Release */ = {
			isa = XCBuildConfiguration;
			buildSettings = {
				ALWAYS_SEARCH_USER_PATHS = NO;
				CLANG_ANALYZER_NONNULL = YES;
				CLANG_ANALYZER_NUMBER_OBJECT_CONVERSION = YES_AGGRESSIVE;
				CLANG_CXX_LANGUAGE_STANDARD = "gnu++14";
				CLANG_CXX_LIBRARY = "libc++";
				CLANG_ENABLE_MODULES = YES;
				CLANG_ENABLE_OBJC_ARC = YES;
				CLANG_WARN_BLOCK_CAPTURE_AUTORELEASING = YES;
				CLANG_WARN_BOOL_CONVERSION = YES;
				CLANG_WARN_COMMA = YES;
				CLANG_WARN_CONSTANT_CONVERSION = YES;
				CLANG_WARN_DIRECT_OBJC_ISA_USAGE = YES_ERROR;
				CLANG_WARN_DOCUMENTATION_COMMENTS = YES;
				CLANG_WARN_EMPTY_BODY = YES;
				CLANG_WARN_ENUM_CONVERSION = YES;
				CLANG_WARN_INFINITE_RECURSION = YES;
				CLANG_WARN_INT_CONVERSION = YES;
				CLANG_WARN_OBJC_ROOT_CLASS = YES_ERROR;
				CLANG_WARN_RANGE_LOOP_ANALYSIS = YES;
				CLANG_WARN_STRICT_PROTOTYPES = YES;
				CLANG_WARN_SUSPICIOUS_MOVE = YES;
				CLANG_WARN_UNGUARDED_AVAILABILITY = YES_AGGRESSIVE;
				CLANG_WARN_UNREACHABLE_CODE = YES;
				CLANG_WARN__DUPLICATE_METHOD_MATCH = YES;
				CODE_SIGN_IDENTITY = "iPhone Developer";
				COPY_PHASE_STRIP = NO;
				DEBUG_INFORMATION_FORMAT = "dwarf-with-dsym";
				ENABLE_NS_ASSERTIONS = NO;
				ENABLE_STRICT_OBJC_MSGSEND = YES;
				GCC_C_LANGUAGE_STANDARD = gnu11;
				GCC_NO_COMMON_BLOCKS = YES;
				GCC_WARN_64_TO_32_BIT_CONVERSION = YES;
				GCC_WARN_ABOUT_RETURN_TYPE = YES_ERROR;
				GCC_WARN_UNDECLARED_SELECTOR = YES;
				GCC_WARN_UNINITIALIZED_AUTOS = YES_AGGRESSIVE;
				GCC_WARN_UNUSED_FUNCTION = YES;
				GCC_WARN_UNUSED_VARIABLE = YES;
				IPHONEOS_DEPLOYMENT_TARGET = 8.0;
				MTL_ENABLE_DEBUG_INFO = NO;
				SDKROOT = iphoneos;
				VALIDATE_PRODUCT = YES;
			};
			name = Release;
		};
		9AC8CAA11F007F1300E11E3C /* Debug */ = {
			isa = XCBuildConfiguration;
			baseConfigurationReference = 9A156199DA1F3D027ACBFD50 /* Pods-platform.debug.xcconfig */;
			buildSettings = {
				ASSETCATALOG_COMPILER_APPICON_NAME = AppIcon;
				CODE_SIGN_STYLE = Manual;
				DEVELOPMENT_TEAM = MB5N7U28ZR;
				GCC_PRECOMPILE_PREFIX_HEADER = YES;
				GCC_PREFIX_HEADER = "$(TARGET_NAME)/PrefixHeader.pch";
				INFOPLIST_FILE = platform/Info.plist;
				IPHONEOS_DEPLOYMENT_TARGET = 8.0;
				LD_RUNPATH_SEARCH_PATHS = "$(inherited) @executable_path/Frameworks";
				PRODUCT_BUNDLE_IDENTIFIER = com.brook.xingjiDev;
				PRODUCT_NAME = "$(TARGET_NAME)";
				PROVISIONING_PROFILE = "65a12bf1-bff8-40ca-b540-4633e6914d8a";
				PROVISIONING_PROFILE_SPECIFIER = xingjiDev;
				TARGETED_DEVICE_FAMILY = 1;
			};
			name = Debug;
		};
		9AC8CAA21F007F1300E11E3C /* Release */ = {
			isa = XCBuildConfiguration;
			baseConfigurationReference = B31DF425355399C49A90FE24 /* Pods-platform.release.xcconfig */;
			buildSettings = {
				ASSETCATALOG_COMPILER_APPICON_NAME = AppIcon;
				CODE_SIGN_STYLE = Manual;
				DEVELOPMENT_TEAM = MB5N7U28ZR;
				GCC_PRECOMPILE_PREFIX_HEADER = YES;
				GCC_PREFIX_HEADER = "$(TARGET_NAME)/PrefixHeader.pch";
				INFOPLIST_FILE = platform/Info.plist;
				IPHONEOS_DEPLOYMENT_TARGET = 8.0;
				LD_RUNPATH_SEARCH_PATHS = "$(inherited) @executable_path/Frameworks";
				PRODUCT_BUNDLE_IDENTIFIER = com.brook.xingjiDev;
				PRODUCT_NAME = "$(TARGET_NAME)";
				PROVISIONING_PROFILE = "65a12bf1-bff8-40ca-b540-4633e6914d8a";
				PROVISIONING_PROFILE_SPECIFIER = xingjiDev;
				TARGETED_DEVICE_FAMILY = 1;
			};
			name = Release;
		};
/* End XCBuildConfiguration section */

/* Begin XCConfigurationList section */
		9AC311D71F38A9200036B5EF /* Build configuration list for PBXNativeTarget "platformTests" */ = {
			isa = XCConfigurationList;
			buildConfigurations = (
				9AC311D81F38A9200036B5EF /* Debug */,
				9AC311D91F38A9200036B5EF /* Release */,
			);
			defaultConfigurationIsVisible = 0;
			defaultConfigurationName = Release;
		};
		9AC8CA821F007F1300E11E3C /* Build configuration list for PBXProject "platform" */ = {
			isa = XCConfigurationList;
			buildConfigurations = (
				9AC8CA9E1F007F1300E11E3C /* Debug */,
				9AC8CA9F1F007F1300E11E3C /* Release */,
			);
			defaultConfigurationIsVisible = 0;
			defaultConfigurationName = Release;
		};
		9AC8CAA01F007F1300E11E3C /* Build configuration list for PBXNativeTarget "platform" */ = {
			isa = XCConfigurationList;
			buildConfigurations = (
				9AC8CAA11F007F1300E11E3C /* Debug */,
				9AC8CAA21F007F1300E11E3C /* Release */,
			);
			defaultConfigurationIsVisible = 0;
			defaultConfigurationName = Release;
		};
/* End XCConfigurationList section */
	};
	rootObject = 9AC8CA7F1F007F1300E11E3C /* Project object */;
}
