// !$*UTF8*$!
{
	archiveVersion = 1;
	classes = {
	};
	objectVersion = 48;
	objects = {

/* Begin PBXBuildFile section */
		1ECCEF903F1B44F5087B76F9 /* libPods-platform.a in Frameworks */ = {isa = PBXBuildFile; fileRef = 962AC8589D09D31610A226BA /* libPods-platform.a */; };
		6C8697F01F0F7C66004ABF92 /* RFLayout.m in Sources */ = {isa = PBXBuildFile; fileRef = 6C8697EF1F0F7C66004ABF92 /* RFLayout.m */; };
		9A1F5B9D1F01D2E900525E5C /* PurchaseViewController.m in Sources */ = {isa = PBXBuildFile; fileRef = 9A1F5B9C1F01D2E900525E5C /* PurchaseViewController.m */; };
		9A1F5BA01F01D31900525E5C /* CompanyInfoViewController.m in Sources */ = {isa = PBXBuildFile; fileRef = 9A1F5B9F1F01D31900525E5C /* CompanyInfoViewController.m */; };
		9A1F5BA31F01D32400525E5C /* MyCenterViewController.m in Sources */ = {isa = PBXBuildFile; fileRef = 9A1F5BA21F01D32400525E5C /* MyCenterViewController.m */; };
		9AACF4461F17B8B900054505 /* HomeViewController.m in Sources */ = {isa = PBXBuildFile; fileRef = 9AACF4451F17B8B900054505 /* HomeViewController.m */; };
		9AACF44A1F17C0D500054505 /* HomeCollectionCell.m in Sources */ = {isa = PBXBuildFile; fileRef = 9AACF4481F17C0D500054505 /* HomeCollectionCell.m */; };
		9AACF44B1F17C0D500054505 /* HomeCollectionCell.xib in Resources */ = {isa = PBXBuildFile; fileRef = 9AACF4491F17C0D500054505 /* HomeCollectionCell.xib */; };
		9AACF44F1F17C1B500054505 /* HomeHeaderCell.m in Sources */ = {isa = PBXBuildFile; fileRef = 9AACF44D1F17C1B500054505 /* HomeHeaderCell.m */; };
		9AACF4501F17C1B500054505 /* HomeHeaderCell.xib in Resources */ = {isa = PBXBuildFile; fileRef = 9AACF44E1F17C1B500054505 /* HomeHeaderCell.xib */; };
		9AACF4591F1A1ECE00054505 /* HomeImageTableViewCell.m in Sources */ = {isa = PBXBuildFile; fileRef = 9AACF4571F1A1ECE00054505 /* HomeImageTableViewCell.m */; };
		9AACF45A1F1A1ECE00054505 /* HomeImageTableViewCell.xib in Resources */ = {isa = PBXBuildFile; fileRef = 9AACF4581F1A1ECE00054505 /* HomeImageTableViewCell.xib */; };
		9AACF45F1F1A209000054505 /* HomeTopBottomTableViewCell.m in Sources */ = {isa = PBXBuildFile; fileRef = 9AACF45D1F1A209000054505 /* HomeTopBottomTableViewCell.m */; };
		9AACF4601F1A209000054505 /* HomeTopBottomTableViewCell.xib in Resources */ = {isa = PBXBuildFile; fileRef = 9AACF45E1F1A209000054505 /* HomeTopBottomTableViewCell.xib */; };
		9AACF4641F1A26D900054505 /* HomeCollectionTableViewCell.m in Sources */ = {isa = PBXBuildFile; fileRef = 9AACF4621F1A26D900054505 /* HomeCollectionTableViewCell.m */; };
		9AACF4651F1A26D900054505 /* HomeCollectionTableViewCell.xib in Resources */ = {isa = PBXBuildFile; fileRef = 9AACF4631F1A26D900054505 /* HomeCollectionTableViewCell.xib */; };
		9AACF4A01F1A5C8200054505 /* UIView+Utils.m in Sources */ = {isa = PBXBuildFile; fileRef = 9AACF49F1F1A5C8200054505 /* UIView+Utils.m */; };
		9AACF4A31F1A5D7C00054505 /* BaseTableViewCell.m in Sources */ = {isa = PBXBuildFile; fileRef = 9AACF4A21F1A5D7C00054505 /* BaseTableViewCell.m */; };
		9AACF4A61F1B266B00054505 /* ProductInfoModel.m in Sources */ = {isa = PBXBuildFile; fileRef = 9AACF4A51F1B266B00054505 /* ProductInfoModel.m */; };
		9AC8CA8C1F007F1300E11E3C /* AppDelegate.m in Sources */ = {isa = PBXBuildFile; fileRef = 9AC8CA8B1F007F1300E11E3C /* AppDelegate.m */; };
		9AC8CA951F007F1300E11E3C /* Main.storyboard in Resources */ = {isa = PBXBuildFile; fileRef = 9AC8CA931F007F1300E11E3C /* Main.storyboard */; };
		9AC8CA971F007F1300E11E3C /* Assets.xcassets in Resources */ = {isa = PBXBuildFile; fileRef = 9AC8CA961F007F1300E11E3C /* Assets.xcassets */; };
		9AC8CA9A1F007F1300E11E3C /* LaunchScreen.storyboard in Resources */ = {isa = PBXBuildFile; fileRef = 9AC8CA981F007F1300E11E3C /* LaunchScreen.storyboard */; };
		9AC8CA9D1F007F1300E11E3C /* main.m in Sources */ = {isa = PBXBuildFile; fileRef = 9AC8CA9C1F007F1300E11E3C /* main.m */; };
		9AFF3B421F1CEC1900100916 /* HomeCompsiteTableViewCell.m in Sources */ = {isa = PBXBuildFile; fileRef = 9AFF3B401F1CEC1900100916 /* HomeCompsiteTableViewCell.m */; };
		9AFF3B431F1CEC1900100916 /* HomeCompsiteTableViewCell.xib in Resources */ = {isa = PBXBuildFile; fileRef = 9AFF3B411F1CEC1900100916 /* HomeCompsiteTableViewCell.xib */; };
/* End PBXBuildFile section */

/* Begin PBXFileReference section */
		6C8697E91F0F2D92004ABF92 /* PrefixHeader.pch */ = {isa = PBXFileReference; fileEncoding = 4; lastKnownFileType = sourcecode.c.h; path = PrefixHeader.pch; sourceTree = "<group>"; };
		6C8697EE1F0F7C66004ABF92 /* RFLayout.h */ = {isa = PBXFileReference; fileEncoding = 4; lastKnownFileType = sourcecode.c.h; path = RFLayout.h; sourceTree = "<group>"; };
		6C8697EF1F0F7C66004ABF92 /* RFLayout.m */ = {isa = PBXFileReference; fileEncoding = 4; lastKnownFileType = sourcecode.c.objc; path = RFLayout.m; sourceTree = "<group>"; };
		962AC8589D09D31610A226BA /* libPods-platform.a */ = {isa = PBXFileReference; explicitFileType = archive.ar; includeInIndex = 0; path = "libPods-platform.a"; sourceTree = BUILT_PRODUCTS_DIR; };
		9A156199DA1F3D027ACBFD50 /* Pods-platform.debug.xcconfig */ = {isa = PBXFileReference; includeInIndex = 1; lastKnownFileType = text.xcconfig; name = "Pods-platform.debug.xcconfig"; path = "Pods/Target Support Files/Pods-platform/Pods-platform.debug.xcconfig"; sourceTree = "<group>"; };
		9A1F5B9B1F01D2E900525E5C /* PurchaseViewController.h */ = {isa = PBXFileReference; lastKnownFileType = sourcecode.c.h; path = PurchaseViewController.h; sourceTree = "<group>"; };
		9A1F5B9C1F01D2E900525E5C /* PurchaseViewController.m */ = {isa = PBXFileReference; lastKnownFileType = sourcecode.c.objc; path = PurchaseViewController.m; sourceTree = "<group>"; };
		9A1F5B9E1F01D31900525E5C /* CompanyInfoViewController.h */ = {isa = PBXFileReference; lastKnownFileType = sourcecode.c.h; path = CompanyInfoViewController.h; sourceTree = "<group>"; };
		9A1F5B9F1F01D31900525E5C /* CompanyInfoViewController.m */ = {isa = PBXFileReference; lastKnownFileType = sourcecode.c.objc; path = CompanyInfoViewController.m; sourceTree = "<group>"; };
		9A1F5BA11F01D32400525E5C /* MyCenterViewController.h */ = {isa = PBXFileReference; lastKnownFileType = sourcecode.c.h; path = MyCenterViewController.h; sourceTree = "<group>"; };
		9A1F5BA21F01D32400525E5C /* MyCenterViewController.m */ = {isa = PBXFileReference; lastKnownFileType = sourcecode.c.objc; path = MyCenterViewController.m; sourceTree = "<group>"; };
		9AACF4441F17B8B900054505 /* HomeViewController.h */ = {isa = PBXFileReference; fileEncoding = 4; lastKnownFileType = sourcecode.c.h; path = HomeViewController.h; sourceTree = "<group>"; };
		9AACF4451F17B8B900054505 /* HomeViewController.m */ = {isa = PBXFileReference; fileEncoding = 4; lastKnownFileType = sourcecode.c.objc; path = HomeViewController.m; sourceTree = "<group>"; };
		9AACF4471F17C0D500054505 /* HomeCollectionCell.h */ = {isa = PBXFileReference; fileEncoding = 4; lastKnownFileType = sourcecode.c.h; path = HomeCollectionCell.h; sourceTree = "<group>"; };
		9AACF4481F17C0D500054505 /* HomeCollectionCell.m */ = {isa = PBXFileReference; fileEncoding = 4; lastKnownFileType = sourcecode.c.objc; path = HomeCollectionCell.m; sourceTree = "<group>"; };
		9AACF4491F17C0D500054505 /* HomeCollectionCell.xib */ = {isa = PBXFileReference; fileEncoding = 4; lastKnownFileType = file.xib; path = HomeCollectionCell.xib; sourceTree = "<group>"; };
		9AACF44C1F17C1B500054505 /* HomeHeaderCell.h */ = {isa = PBXFileReference; fileEncoding = 4; lastKnownFileType = sourcecode.c.h; path = HomeHeaderCell.h; sourceTree = "<group>"; };
		9AACF44D1F17C1B500054505 /* HomeHeaderCell.m */ = {isa = PBXFileReference; fileEncoding = 4; lastKnownFileType = sourcecode.c.objc; path = HomeHeaderCell.m; sourceTree = "<group>"; };
		9AACF44E1F17C1B500054505 /* HomeHeaderCell.xib */ = {isa = PBXFileReference; fileEncoding = 4; lastKnownFileType = file.xib; path = HomeHeaderCell.xib; sourceTree = "<group>"; };
		9AACF4561F1A1ECE00054505 /* HomeImageTableViewCell.h */ = {isa = PBXFileReference; fileEncoding = 4; lastKnownFileType = sourcecode.c.h; path = HomeImageTableViewCell.h; sourceTree = "<group>"; };
		9AACF4571F1A1ECE00054505 /* HomeImageTableViewCell.m */ = {isa = PBXFileReference; fileEncoding = 4; lastKnownFileType = sourcecode.c.objc; path = HomeImageTableViewCell.m; sourceTree = "<group>"; };
		9AACF4581F1A1ECE00054505 /* HomeImageTableViewCell.xib */ = {isa = PBXFileReference; fileEncoding = 4; lastKnownFileType = file.xib; path = HomeImageTableViewCell.xib; sourceTree = "<group>"; };
		9AACF45C1F1A209000054505 /* HomeTopBottomTableViewCell.h */ = {isa = PBXFileReference; fileEncoding = 4; lastKnownFileType = sourcecode.c.h; path = HomeTopBottomTableViewCell.h; sourceTree = "<group>"; };
		9AACF45D1F1A209000054505 /* HomeTopBottomTableViewCell.m */ = {isa = PBXFileReference; fileEncoding = 4; lastKnownFileType = sourcecode.c.objc; path = HomeTopBottomTableViewCell.m; sourceTree = "<group>"; };
		9AACF45E1F1A209000054505 /* HomeTopBottomTableViewCell.xib */ = {isa = PBXFileReference; fileEncoding = 4; lastKnownFileType = file.xib; path = HomeTopBottomTableViewCell.xib; sourceTree = "<group>"; };
		9AACF4611F1A26D900054505 /* HomeCollectionTableViewCell.h */ = {isa = PBXFileReference; fileEncoding = 4; lastKnownFileType = sourcecode.c.h; path = HomeCollectionTableViewCell.h; sourceTree = "<group>"; };
		9AACF4621F1A26D900054505 /* HomeCollectionTableViewCell.m */ = {isa = PBXFileReference; fileEncoding = 4; lastKnownFileType = sourcecode.c.objc; path = HomeCollectionTableViewCell.m; sourceTree = "<group>"; };
		9AACF4631F1A26D900054505 /* HomeCollectionTableViewCell.xib */ = {isa = PBXFileReference; fileEncoding = 4; lastKnownFileType = file.xib; path = HomeCollectionTableViewCell.xib; sourceTree = "<group>"; };
		9AACF4671F1A533600054505 /* Utility.h */ = {isa = PBXFileReference; fileEncoding = 4; lastKnownFileType = sourcecode.c.h; path = Utility.h; sourceTree = "<group>"; };
		9AACF49E1F1A5C8200054505 /* UIView+Utils.h */ = {isa = PBXFileReference; fileEncoding = 4; lastKnownFileType = sourcecode.c.h; path = "UIView+Utils.h"; sourceTree = "<group>"; };
		9AACF49F1F1A5C8200054505 /* UIView+Utils.m */ = {isa = PBXFileReference; fileEncoding = 4; lastKnownFileType = sourcecode.c.objc; path = "UIView+Utils.m"; sourceTree = "<group>"; };
		9AACF4A11F1A5D7C00054505 /* BaseTableViewCell.h */ = {isa = PBXFileReference; fileEncoding = 4; lastKnownFileType = sourcecode.c.h; path = BaseTableViewCell.h; sourceTree = "<group>"; };
		9AACF4A21F1A5D7C00054505 /* BaseTableViewCell.m */ = {isa = PBXFileReference; fileEncoding = 4; lastKnownFileType = sourcecode.c.objc; path = BaseTableViewCell.m; sourceTree = "<group>"; };
		9AACF4A41F1B266B00054505 /* ProductInfoModel.h */ = {isa = PBXFileReference; fileEncoding = 4; lastKnownFileType = sourcecode.c.h; path = ProductInfoModel.h; sourceTree = "<group>"; };
		9AACF4A51F1B266B00054505 /* ProductInfoModel.m */ = {isa = PBXFileReference; fileEncoding = 4; lastKnownFileType = sourcecode.c.objc; path = ProductInfoModel.m; sourceTree = "<group>"; };
		9AC8CA871F007F1300E11E3C /* platform.app */ = {isa = PBXFileReference; explicitFileType = wrapper.application; includeInIndex = 0; path = platform.app; sourceTree = BUILT_PRODUCTS_DIR; };
		9AC8CA8A1F007F1300E11E3C /* AppDelegate.h */ = {isa = PBXFileReference; lastKnownFileType = sourcecode.c.h; path = AppDelegate.h; sourceTree = "<group>"; };
		9AC8CA8B1F007F1300E11E3C /* AppDelegate.m */ = {isa = PBXFileReference; lastKnownFileType = sourcecode.c.objc; path = AppDelegate.m; sourceTree = "<group>"; };
		9AC8CA941F007F1300E11E3C /* Base */ = {isa = PBXFileReference; lastKnownFileType = file.storyboard; name = Base; path = Base.lproj/Main.storyboard; sourceTree = "<group>"; };
		9AC8CA961F007F1300E11E3C /* Assets.xcassets */ = {isa = PBXFileReference; lastKnownFileType = folder.assetcatalog; path = Assets.xcassets; sourceTree = "<group>"; };
		9AC8CA991F007F1300E11E3C /* Base */ = {isa = PBXFileReference; lastKnownFileType = file.storyboard; name = Base; path = Base.lproj/LaunchScreen.storyboard; sourceTree = "<group>"; };
		9AC8CA9B1F007F1300E11E3C /* Info.plist */ = {isa = PBXFileReference; lastKnownFileType = text.plist.xml; path = Info.plist; sourceTree = "<group>"; };
		9AC8CA9C1F007F1300E11E3C /* main.m */ = {isa = PBXFileReference; lastKnownFileType = sourcecode.c.objc; path = main.m; sourceTree = "<group>"; };
		9AFF3B3F1F1CEC1900100916 /* HomeCompsiteTableViewCell.h */ = {isa = PBXFileReference; fileEncoding = 4; lastKnownFileType = sourcecode.c.h; path = HomeCompsiteTableViewCell.h; sourceTree = "<group>"; };
		9AFF3B401F1CEC1900100916 /* HomeCompsiteTableViewCell.m */ = {isa = PBXFileReference; fileEncoding = 4; lastKnownFileType = sourcecode.c.objc; path = HomeCompsiteTableViewCell.m; sourceTree = "<group>"; };
		9AFF3B411F1CEC1900100916 /* HomeCompsiteTableViewCell.xib */ = {isa = PBXFileReference; fileEncoding = 4; lastKnownFileType = file.xib; path = HomeCompsiteTableViewCell.xib; sourceTree = "<group>"; };
		B31DF425355399C49A90FE24 /* Pods-platform.release.xcconfig */ = {isa = PBXFileReference; includeInIndex = 1; lastKnownFileType = text.xcconfig; name = "Pods-platform.release.xcconfig"; path = "Pods/Target Support Files/Pods-platform/Pods-platform.release.xcconfig"; sourceTree = "<group>"; };
/* End PBXFileReference section */

/* Begin PBXFrameworksBuildPhase section */
		9AC8CA841F007F1300E11E3C /* Frameworks */ = {
			isa = PBXFrameworksBuildPhase;
			buildActionMask = 2147483647;
			files = (
				1ECCEF903F1B44F5087B76F9 /* libPods-platform.a in Frameworks */,
			);
			runOnlyForDeploymentPostprocessing = 0;
		};
/* End PBXFrameworksBuildPhase section */

/* Begin PBXGroup section */
		04D277784E64ABD75A0419B9 /* Frameworks */ = {
			isa = PBXGroup;
			children = (
				962AC8589D09D31610A226BA /* libPods-platform.a */,
			);
			name = Frameworks;
			sourceTree = "<group>";
		};
		6C8697ED1F0F7C59004ABF92 /* ThirdPart */ = {
			isa = PBXGroup;
			children = (
				6C8697EE1F0F7C66004ABF92 /* RFLayout.h */,
				6C8697EF1F0F7C66004ABF92 /* RFLayout.m */,
			);
			path = ThirdPart;
			sourceTree = "<group>";
		};
		9A1F5BA41F01D36200525E5C /* Controller */ = {
			isa = PBXGroup;
			children = (
				9AACF4441F17B8B900054505 /* HomeViewController.h */,
				9AACF4451F17B8B900054505 /* HomeViewController.m */,
				9A1F5B9B1F01D2E900525E5C /* PurchaseViewController.h */,
				9A1F5B9C1F01D2E900525E5C /* PurchaseViewController.m */,
				9A1F5B9E1F01D31900525E5C /* CompanyInfoViewController.h */,
				9A1F5B9F1F01D31900525E5C /* CompanyInfoViewController.m */,
				9A1F5BA11F01D32400525E5C /* MyCenterViewController.h */,
				9A1F5BA21F01D32400525E5C /* MyCenterViewController.m */,
			);
			path = Controller;
			sourceTree = "<group>";
		};
		9A1F5BA51F01D37600525E5C /* View */ = {
			isa = PBXGroup;
			children = (
				9AACF45B1F1A1FA100054505 /* CollectionCell */,
				9AACF4A11F1A5D7C00054505 /* BaseTableViewCell.h */,
				9AACF4A21F1A5D7C00054505 /* BaseTableViewCell.m */,
				9AACF44C1F17C1B500054505 /* HomeHeaderCell.h */,
				9AACF44D1F17C1B500054505 /* HomeHeaderCell.m */,
				9AACF44E1F17C1B500054505 /* HomeHeaderCell.xib */,
				9AACF4611F1A26D900054505 /* HomeCollectionTableViewCell.h */,
				9AACF4621F1A26D900054505 /* HomeCollectionTableViewCell.m */,
				9AACF4631F1A26D900054505 /* HomeCollectionTableViewCell.xib */,
				9AACF4561F1A1ECE00054505 /* HomeImageTableViewCell.h */,
				9AACF4571F1A1ECE00054505 /* HomeImageTableViewCell.m */,
				9AACF4581F1A1ECE00054505 /* HomeImageTableViewCell.xib */,
				9AACF45C1F1A209000054505 /* HomeTopBottomTableViewCell.h */,
				9AACF45D1F1A209000054505 /* HomeTopBottomTableViewCell.m */,
				9AACF45E1F1A209000054505 /* HomeTopBottomTableViewCell.xib */,
				9AFF3B3F1F1CEC1900100916 /* HomeCompsiteTableViewCell.h */,
				9AFF3B401F1CEC1900100916 /* HomeCompsiteTableViewCell.m */,
				9AFF3B411F1CEC1900100916 /* HomeCompsiteTableViewCell.xib */,
			);
			path = View;
			sourceTree = "<group>";
		};
		9A1F5BA61F01D37D00525E5C /* Model */ = {
			isa = PBXGroup;
			children = (
				9AACF4A41F1B266B00054505 /* ProductInfoModel.h */,
				9AACF4A51F1B266B00054505 /* ProductInfoModel.m */,
			);
			path = Model;
			sourceTree = "<group>";
		};
		9A1F5BA71F01D38700525E5C /* Resource */ = {
			isa = PBXGroup;
			children = (
				9AC8CA931F007F1300E11E3C /* Main.storyboard */,
				9AC8CA961F007F1300E11E3C /* Assets.xcassets */,
				9AC8CA981F007F1300E11E3C /* LaunchScreen.storyboard */,
			);
			path = Resource;
			sourceTree = "<group>";
		};
		9AACF45B1F1A1FA100054505 /* CollectionCell */ = {
			isa = PBXGroup;
			children = (
				9AACF4471F17C0D500054505 /* HomeCollectionCell.h */,
				9AACF4481F17C0D500054505 /* HomeCollectionCell.m */,
				9AACF4491F17C0D500054505 /* HomeCollectionCell.xib */,
			);
			name = CollectionCell;
			sourceTree = "<group>";
		};
		9AACF4661F1A531B00054505 /* Utility */ = {
			isa = PBXGroup;
			children = (
				9AACF4671F1A533600054505 /* Utility.h */,
				9AACF49E1F1A5C8200054505 /* UIView+Utils.h */,
				9AACF49F1F1A5C8200054505 /* UIView+Utils.m */,
			);
			path = Utility;
			sourceTree = "<group>";
		};
		9AC8CA7E1F007F1300E11E3C = {
			isa = PBXGroup;
			children = (
				9AC8CA891F007F1300E11E3C /* platform */,
				9AC8CA881F007F1300E11E3C /* Products */,
				A1E3475D5E227F34D026AB5E /* Pods */,
				04D277784E64ABD75A0419B9 /* Frameworks */,
			);
			sourceTree = "<group>";
		};
		9AC8CA881F007F1300E11E3C /* Products */ = {
			isa = PBXGroup;
			children = (
				9AC8CA871F007F1300E11E3C /* platform.app */,
			);
			name = Products;
			sourceTree = "<group>";
		};
		9AC8CA891F007F1300E11E3C /* platform */ = {
			isa = PBXGroup;
			children = (
				6C8697ED1F0F7C59004ABF92 /* ThirdPart */,
				9A1F5BA61F01D37D00525E5C /* Model */,
				9A1F5BA51F01D37600525E5C /* View */,
				9A1F5BA41F01D36200525E5C /* Controller */,
				9AACF4661F1A531B00054505 /* Utility */,
				9AC8CA8A1F007F1300E11E3C /* AppDelegate.h */,
				9AC8CA8B1F007F1300E11E3C /* AppDelegate.m */,
				6C8697E91F0F2D92004ABF92 /* PrefixHeader.pch */,
				9AC8CA9B1F007F1300E11E3C /* Info.plist */,
				9AC8CA9C1F007F1300E11E3C /* main.m */,
				9A1F5BA71F01D38700525E5C /* Resource */,
			);
			path = platform;
			sourceTree = "<group>";
		};
		A1E3475D5E227F34D026AB5E /* Pods */ = {
			isa = PBXGroup;
			children = (
				9A156199DA1F3D027ACBFD50 /* Pods-platform.debug.xcconfig */,
				B31DF425355399C49A90FE24 /* Pods-platform.release.xcconfig */,
			);
			name = Pods;
			sourceTree = "<group>";
		};
/* End PBXGroup section */

/* Begin PBXNativeTarget section */
		9AC8CA861F007F1300E11E3C /* platform */ = {
			isa = PBXNativeTarget;
			buildConfigurationList = 9AC8CAA01F007F1300E11E3C /* Build configuration list for PBXNativeTarget "platform" */;
			buildPhases = (
				4497EF1B417E3220D5205974 /* [CP] Check Pods Manifest.lock */,
				9AC8CA831F007F1300E11E3C /* Sources */,
				9AC8CA841F007F1300E11E3C /* Frameworks */,
				9AC8CA851F007F1300E11E3C /* Resources */,
				5A5FB457ACB798366969629B /* [CP] Embed Pods Frameworks */,
				9F5464011DEAC56021306A07 /* [CP] Copy Pods Resources */,
			);
			buildRules = (
			);
			dependencies = (
			);
			name = platform;
			productName = platform;
			productReference = 9AC8CA871F007F1300E11E3C /* platform.app */;
			productType = "com.apple.product-type.application";
		};
/* End PBXNativeTarget section */

/* Begin PBXProject section */
		9AC8CA7F1F007F1300E11E3C /* Project object */ = {
			isa = PBXProject;
			attributes = {
				LastUpgradeCheck = 0900;
				ORGANIZATIONNAME = chliu.brook;
				TargetAttributes = {
					9AC8CA861F007F1300E11E3C = {
						CreatedOnToolsVersion = 9.0;
						ProvisioningStyle = Manual;
					};
				};
			};
			buildConfigurationList = 9AC8CA821F007F1300E11E3C /* Build configuration list for PBXProject "platform" */;
			compatibilityVersion = "Xcode 8.0";
			developmentRegion = en;
			hasScannedForEncodings = 0;
			knownRegions = (
				en,
				Base,
			);
			mainGroup = 9AC8CA7E1F007F1300E11E3C;
			productRefGroup = 9AC8CA881F007F1300E11E3C /* Products */;
			projectDirPath = "";
			projectRoot = "";
			targets = (
				9AC8CA861F007F1300E11E3C /* platform */,
			);
		};
/* End PBXProject section */

/* Begin PBXResourcesBuildPhase section */
		9AC8CA851F007F1300E11E3C /* Resources */ = {
			isa = PBXResourcesBuildPhase;
			buildActionMask = 2147483647;
			files = (
				9AACF4651F1A26D900054505 /* HomeCollectionTableViewCell.xib in Resources */,
				9AFF3B431F1CEC1900100916 /* HomeCompsiteTableViewCell.xib in Resources */,
				9AACF4501F17C1B500054505 /* HomeHeaderCell.xib in Resources */,
				9AACF44B1F17C0D500054505 /* HomeCollectionCell.xib in Resources */,
				9AC8CA9A1F007F1300E11E3C /* LaunchScreen.storyboard in Resources */,
				9AACF4601F1A209000054505 /* HomeTopBottomTableViewCell.xib in Resources */,
				9AC8CA971F007F1300E11E3C /* Assets.xcassets in Resources */,
				9AACF45A1F1A1ECE00054505 /* HomeImageTableViewCell.xib in Resources */,
				9AC8CA951F007F1300E11E3C /* Main.storyboard in Resources */,
			);
			runOnlyForDeploymentPostprocessing = 0;
		};
/* End PBXResourcesBuildPhase section */

/* Begin PBXShellScriptBuildPhase section */
		4497EF1B417E3220D5205974 /* [CP] Check Pods Manifest.lock */ = {
			isa = PBXShellScriptBuildPhase;
			buildActionMask = 2147483647;
			files = (
			);
			inputPaths = (
				"${PODS_PODFILE_DIR_PATH}/Podfile.lock",
				"${PODS_ROOT}/Manifest.lock",
			);
			name = "[CP] Check Pods Manifest.lock";
			outputPaths = (
				"$(DERIVED_FILE_DIR)/Pods-platform-checkManifestLockResult.txt",
			);
			runOnlyForDeploymentPostprocessing = 0;
			shellPath = /bin/sh;
			shellScript = "diff \"${PODS_PODFILE_DIR_PATH}/Podfile.lock\" \"${PODS_ROOT}/Manifest.lock\" > /dev/null\nif [ $? != 0 ] ; then\n    # print error to STDERR\n    echo \"error: The sandbox is not in sync with the Podfile.lock. Run 'pod install' or update your CocoaPods installation.\" >&2\n    exit 1\nfi\n# This output is used by Xcode 'outputs' to avoid re-running this script phase.\necho \"SUCCESS\" > \"${SCRIPT_OUTPUT_FILE_0}\"\n";
			showEnvVarsInLog = 0;
		};
		5A5FB457ACB798366969629B /* [CP] Embed Pods Frameworks */ = {
			isa = PBXShellScriptBuildPhase;
			buildActionMask = 2147483647;
			files = (
			);
			inputPaths = (
			);
			name = "[CP] Embed Pods Frameworks";
			outputPaths = (
			);
			runOnlyForDeploymentPostprocessing = 0;
			shellPath = /bin/sh;
			shellScript = "\"${SRCROOT}/Pods/Target Support Files/Pods-platform/Pods-platform-frameworks.sh\"\n";
			showEnvVarsInLog = 0;
		};
		9F5464011DEAC56021306A07 /* [CP] Copy Pods Resources */ = {
			isa = PBXShellScriptBuildPhase;
			buildActionMask = 2147483647;
			files = (
			);
			inputPaths = (
				"${SRCROOT}/Pods/Target Support Files/Pods-platform/Pods-platform-resources.sh",
				"${PODS_ROOT}/IQKeyboardManager/IQKeyboardManager/Resources/IQKeyboardManager.bundle",
			);
			name = "[CP] Copy Pods Resources";
			outputPaths = (
				"${TARGET_BUILD_DIR}/${UNLOCALIZED_RESOURCES_FOLDER_PATH}",
			);
			runOnlyForDeploymentPostprocessing = 0;
			shellPath = /bin/sh;
			shellScript = "\"${SRCROOT}/Pods/Target Support Files/Pods-platform/Pods-platform-resources.sh\"\n";
			showEnvVarsInLog = 0;
		};
/* End PBXShellScriptBuildPhase section */

/* Begin PBXSourcesBuildPhase section */
		9AC8CA831F007F1300E11E3C /* Sources */ = {
			isa = PBXSourcesBuildPhase;
			buildActionMask = 2147483647;
			files = (
				9AACF4A01F1A5C8200054505 /* UIView+Utils.m in Sources */,
				9AACF4A61F1B266B00054505 /* ProductInfoModel.m in Sources */,
				9A1F5BA01F01D31900525E5C /* CompanyInfoViewController.m in Sources */,
				9AACF45F1F1A209000054505 /* HomeTopBottomTableViewCell.m in Sources */,
				9A1F5BA31F01D32400525E5C /* MyCenterViewController.m in Sources */,
				9AC8CA8C1F007F1300E11E3C /* AppDelegate.m in Sources */,
				9AFF3B421F1CEC1900100916 /* HomeCompsiteTableViewCell.m in Sources */,
				9A1F5B9D1F01D2E900525E5C /* PurchaseViewController.m in Sources */,
				9AACF44A1F17C0D500054505 /* HomeCollectionCell.m in Sources */,
				9AC8CA9D1F007F1300E11E3C /* main.m in Sources */,
				9AACF4591F1A1ECE00054505 /* HomeImageTableViewCell.m in Sources */,
				9AACF4641F1A26D900054505 /* HomeCollectionTableViewCell.m in Sources */,
				6C8697F01F0F7C66004ABF92 /* RFLayout.m in Sources */,
				9AACF4461F17B8B900054505 /* HomeViewController.m in Sources */,
				9AACF4A31F1A5D7C00054505 /* BaseTableViewCell.m in Sources */,
				9AACF44F1F17C1B500054505 /* HomeHeaderCell.m in Sources */,
			);
			runOnlyForDeploymentPostprocessing = 0;
		};
/* End PBXSourcesBuildPhase section */

/* Begin PBXVariantGroup section */
		9AC8CA931F007F1300E11E3C /* Main.storyboard */ = {
			isa = PBXVariantGroup;
			children = (
				9AC8CA941F007F1300E11E3C /* Base */,
			);
			name = Main.storyboard;
			sourceTree = "<group>";
		};
		9AC8CA981F007F1300E11E3C /* LaunchScreen.storyboard */ = {
			isa = PBXVariantGroup;
			children = (
				9AC8CA991F007F1300E11E3C /* Base */,
			);
			name = LaunchScreen.storyboard;
			sourceTree = "<group>";
		};
/* End PBXVariantGroup section */

/* Begin XCBuildConfiguration section */
		9AC8CA9E1F007F1300E11E3C /* Debug */ = {
			isa = XCBuildConfiguration;
			buildSettings = {
				ALWAYS_SEARCH_USER_PATHS = NO;
				CLANG_ANALYZER_NONNULL = YES;
				CLANG_ANALYZER_NUMBER_OBJECT_CONVERSION = YES_AGGRESSIVE;
				CLANG_CXX_LANGUAGE_STANDARD = "gnu++14";
				CLANG_CXX_LIBRARY = "libc++";
				CLANG_ENABLE_MODULES = YES;
				CLANG_ENABLE_OBJC_ARC = YES;
				CLANG_WARN_BLOCK_CAPTURE_AUTORELEASING = YES;
				CLANG_WARN_BOOL_CONVERSION = YES;
				CLANG_WARN_COMMA = YES;
				CLANG_WARN_CONSTANT_CONVERSION = YES;
				CLANG_WARN_DIRECT_OBJC_ISA_USAGE = YES_ERROR;
				CLANG_WARN_DOCUMENTATION_COMMENTS = YES;
				CLANG_WARN_EMPTY_BODY = YES;
				CLANG_WARN_ENUM_CONVERSION = YES;
				CLANG_WARN_INFINITE_RECURSION = YES;
				CLANG_WARN_INT_CONVERSION = YES;
				CLANG_WARN_OBJC_ROOT_CLASS = YES_ERROR;
				CLANG_WARN_RANGE_LOOP_ANALYSIS = YES;
				CLANG_WARN_STRICT_PROTOTYPES = YES;
				CLANG_WARN_SUSPICIOUS_MOVE = YES;
				CLANG_WARN_UNGUARDED_AVAILABILITY = YES_AGGRESSIVE;
				CLANG_WARN_UNREACHABLE_CODE = YES;
				CLANG_WARN__DUPLICATE_METHOD_MATCH = YES;
				CODE_SIGN_IDENTITY = "iPhone Developer";
				COPY_PHASE_STRIP = NO;
				DEBUG_INFORMATION_FORMAT = dwarf;
				ENABLE_STRICT_OBJC_MSGSEND = YES;
				ENABLE_TESTABILITY = YES;
				GCC_C_LANGUAGE_STANDARD = gnu11;
				GCC_DYNAMIC_NO_PIC = NO;
				GCC_NO_COMMON_BLOCKS = YES;
				GCC_OPTIMIZATION_LEVEL = 0;
				GCC_PREPROCESSOR_DEFINITIONS = (
					"DEBUG=1",
					"$(inherited)",
				);
				GCC_WARN_64_TO_32_BIT_CONVERSION = YES;
				GCC_WARN_ABOUT_RETURN_TYPE = YES_ERROR;
				GCC_WARN_UNDECLARED_SELECTOR = YES;
				GCC_WARN_UNINITIALIZED_AUTOS = YES_AGGRESSIVE;
				GCC_WARN_UNUSED_FUNCTION = YES;
				GCC_WARN_UNUSED_VARIABLE = YES;
				IPHONEOS_DEPLOYMENT_TARGET = 8.0;
				MTL_ENABLE_DEBUG_INFO = YES;
				ONLY_ACTIVE_ARCH = YES;
				SDKROOT = iphoneos;
			};
			name = Debug;
		};
		9AC8CA9F1F007F1300E11E3C /* Release */ = {
			isa = XCBuildConfiguration;
			buildSettings = {
				ALWAYS_SEARCH_USER_PATHS = NO;
				CLANG_ANALYZER_NONNULL = YES;
				CLANG_ANALYZER_NUMBER_OBJECT_CONVERSION = YES_AGGRESSIVE;
				CLANG_CXX_LANGUAGE_STANDARD = "gnu++14";
				CLANG_CXX_LIBRARY = "libc++";
				CLANG_ENABLE_MODULES = YES;
				CLANG_ENABLE_OBJC_ARC = YES;
				CLANG_WARN_BLOCK_CAPTURE_AUTORELEASING = YES;
				CLANG_WARN_BOOL_CONVERSION = YES;
				CLANG_WARN_COMMA = YES;
				CLANG_WARN_CONSTANT_CONVERSION = YES;
				CLANG_WARN_DIRECT_OBJC_ISA_USAGE = YES_ERROR;
				CLANG_WARN_DOCUMENTATION_COMMENTS = YES;
				CLANG_WARN_EMPTY_BODY = YES;
				CLANG_WARN_ENUM_CONVERSION = YES;
				CLANG_WARN_INFINITE_RECURSION = YES;
				CLANG_WARN_INT_CONVERSION = YES;
				CLANG_WARN_OBJC_ROOT_CLASS = YES_ERROR;
				CLANG_WARN_RANGE_LOOP_ANALYSIS = YES;
				CLANG_WARN_STRICT_PROTOTYPES = YES;
				CLANG_WARN_SUSPICIOUS_MOVE = YES;
				CLANG_WARN_UNGUARDED_AVAILABILITY = YES_AGGRESSIVE;
				CLANG_WARN_UNREACHABLE_CODE = YES;
				CLANG_WARN__DUPLICATE_METHOD_MATCH = YES;
				CODE_SIGN_IDENTITY = "iPhone Developer";
				COPY_PHASE_STRIP = NO;
				DEBUG_INFORMATION_FORMAT = "dwarf-with-dsym";
				ENABLE_NS_ASSERTIONS = NO;
				ENABLE_STRICT_OBJC_MSGSEND = YES;
				GCC_C_LANGUAGE_STANDARD = gnu11;
				GCC_NO_COMMON_BLOCKS = YES;
				GCC_WARN_64_TO_32_BIT_CONVERSION = YES;
				GCC_WARN_ABOUT_RETURN_TYPE = YES_ERROR;
				GCC_WARN_UNDECLARED_SELECTOR = YES;
				GCC_WARN_UNINITIALIZED_AUTOS = YES_AGGRESSIVE;
				GCC_WARN_UNUSED_FUNCTION = YES;
				GCC_WARN_UNUSED_VARIABLE = YES;
				IPHONEOS_DEPLOYMENT_TARGET = 8.0;
				MTL_ENABLE_DEBUG_INFO = NO;
				SDKROOT = iphoneos;
				VALIDATE_PRODUCT = YES;
			};
			name = Release;
		};
		9AC8CAA11F007F1300E11E3C /* Debug */ = {
			isa = XCBuildConfiguration;
			baseConfigurationReference = 9A156199DA1F3D027ACBFD50 /* Pods-platform.debug.xcconfig */;
			buildSettings = {
				ASSETCATALOG_COMPILER_APPICON_NAME = AppIcon;
				CODE_SIGN_STYLE = Manual;
				DEVELOPMENT_TEAM = MB5N7U28ZR;
				GCC_PRECOMPILE_PREFIX_HEADER = YES;
				GCC_PREFIX_HEADER = "$(TARGET_NAME)/PrefixHeader.pch";
				INFOPLIST_FILE = platform/Info.plist;
				IPHONEOS_DEPLOYMENT_TARGET = 8.0;
				LD_RUNPATH_SEARCH_PATHS = "$(inherited) @executable_path/Frameworks";
				PRODUCT_BUNDLE_IDENTIFIER = com.brook.xingjiDev;
				PRODUCT_NAME = "$(TARGET_NAME)";
				PROVISIONING_PROFILE = "65a12bf1-bff8-40ca-b540-4633e6914d8a";
				PROVISIONING_PROFILE_SPECIFIER = xingjiDev;
				TARGETED_DEVICE_FAMILY = "1,2";
			};
			name = Debug;
		};
		9AC8CAA21F007F1300E11E3C /* Release */ = {
			isa = XCBuildConfiguration;
			baseConfigurationReference = B31DF425355399C49A90FE24 /* Pods-platform.release.xcconfig */;
			buildSettings = {
				ASSETCATALOG_COMPILER_APPICON_NAME = AppIcon;
				CODE_SIGN_STYLE = Manual;
				DEVELOPMENT_TEAM = MB5N7U28ZR;
				GCC_PRECOMPILE_PREFIX_HEADER = YES;
				GCC_PREFIX_HEADER = "$(TARGET_NAME)/PrefixHeader.pch";
				INFOPLIST_FILE = platform/Info.plist;
				IPHONEOS_DEPLOYMENT_TARGET = 8.0;
				LD_RUNPATH_SEARCH_PATHS = "$(inherited) @executable_path/Frameworks";
				PRODUCT_BUNDLE_IDENTIFIER = com.brook.xingjiDev;
				PRODUCT_NAME = "$(TARGET_NAME)";
				PROVISIONING_PROFILE = "65a12bf1-bff8-40ca-b540-4633e6914d8a";
				PROVISIONING_PROFILE_SPECIFIER = xingjiDev;
				TARGETED_DEVICE_FAMILY = "1,2";
			};
			name = Release;
		};
/* End XCBuildConfiguration section */

/* Begin XCConfigurationList section */
		9AC8CA821F007F1300E11E3C /* Build configuration list for PBXProject "platform" */ = {
			isa = XCConfigurationList;
			buildConfigurations = (
				9AC8CA9E1F007F1300E11E3C /* Debug */,
				9AC8CA9F1F007F1300E11E3C /* Release */,
			);
			defaultConfigurationIsVisible = 0;
			defaultConfigurationName = Release;
		};
		9AC8CAA01F007F1300E11E3C /* Build configuration list for PBXNativeTarget "platform" */ = {
			isa = XCConfigurationList;
			buildConfigurations = (
				9AC8CAA11F007F1300E11E3C /* Debug */,
				9AC8CAA21F007F1300E11E3C /* Release */,
			);
			defaultConfigurationIsVisible = 0;
			defaultConfigurationName = Release;
		};
/* End XCConfigurationList section */
	};
	rootObject = 9AC8CA7F1F007F1300E11E3C /* Project object */;
}
